// !$*UTF8*$!
{
	archiveVersion = 1;
	classes = {
	};
	objectVersion = 54;
	objects = {

/* Begin PBXBuildFile section */
		0207DA581B56EA530066E2B4 /* Images.xcassets in Resources */ = {isa = PBXBuildFile; fileRef = 0207DA571B56EA530066E2B4 /* Images.xcassets */; };
		0BDACC2C985048F8B3FE3AEF /* AMBBanner.swift in Sources */ = {isa = PBXBuildFile; fileRef = EF849137A6BE425BA04D7133 /* AMBBanner.swift */; };
		1D3623260D0F684500981E51 /* AppDelegate.m in Sources */ = {isa = PBXBuildFile; fileRef = 1D3623250D0F684500981E51 /* AppDelegate.m */; };
		1D60589B0D05DD56006BFB54 /* main.m in Sources */ = {isa = PBXBuildFile; fileRef = 29B97316FDCFA39411CA2CEA /* main.m */; };
		1DBEA54974B24EEF92B70F9D /* CDVNotification.m in Sources */ = {isa = PBXBuildFile; fileRef = D1546DF7754B4550BB3F9671 /* CDVNotification.m */; };
		21033A7FF9F944BE9DA24DEA /* SM_AFHTTPSessionManager.m in Sources */ = {isa = PBXBuildFile; fileRef = 070D48937AC34A5BA4B2E2F7 /* SM_AFHTTPSessionManager.m */; };
		2AE2559996DA46B5A29DC9A1 /* CordovaHttpPlugin.m in Sources */ = {isa = PBXBuildFile; fileRef = A413AE5300DB43C991F264F9 /* CordovaHttpPlugin.m */; };
		2D73A90C88424678B018E857 /* NSUserDefaults+CDVSharedPreferences.m in Sources */ = {isa = PBXBuildFile; fileRef = B31DF2D66B0741429F3D5948 /* NSUserDefaults+CDVSharedPreferences.m */; };
		301BF552109A68D80062928A /* libCordova.a in Frameworks */ = {isa = PBXBuildFile; fileRef = 301BF535109A57CC0062928A /* libCordova.a */; settings = {ATTRIBUTES = (Required, ); }; };
		302D95F114D2391D003F00A1 /* MainViewController.m in Sources */ = {isa = PBXBuildFile; fileRef = 302D95EF14D2391D003F00A1 /* MainViewController.m */; };
		302D95F214D2391D003F00A1 /* MainViewController.xib in Resources */ = {isa = PBXBuildFile; fileRef = 302D95F014D2391D003F00A1 /* MainViewController.xib */; };
		3603977371944E7AB5FFF56F /* SM_AFURLSessionManager.m in Sources */ = {isa = PBXBuildFile; fileRef = C3281827E120472ABB360727 /* SM_AFURLSessionManager.m */; };
		36368545BE00400D899DEDF5 /* AppVersion.m in Sources */ = {isa = PBXBuildFile; fileRef = 2E467593642A4BC3B0696605 /* AppVersion.m */; };
		4841EAA79E354B4E8F67F371 /* CDVAssetLibraryFilesystem.m in Sources */ = {isa = PBXBuildFile; fileRef = 674344F1876745DC841B4143 /* CDVAssetLibraryFilesystem.m */; };
		495DEDA227634BA1881971D4 /* SM_AFSecurityPolicy.m in Sources */ = {isa = PBXBuildFile; fileRef = 06A7778F3770474F8FCDE40A /* SM_AFSecurityPolicy.m */; };
		56BAFCAA978E4932BD3AC3B1 /* AMBRewardedInterstitial.swift in Sources */ = {isa = PBXBuildFile; fileRef = 79F964A299B3482EABBD72BB /* AMBRewardedInterstitial.swift */; };
		592FF1DB6F9B4284ACBF3EEE /* CoreLocation.framework in Frameworks */ = {isa = PBXBuildFile; fileRef = 926DDD9280A241CD9D1B847A /* CoreLocation.framework */; };
		5BD9D08BC13F4AE69003AB5D /* AMBPlugin.swift in Sources */ = {isa = PBXBuildFile; fileRef = DEA46E8F25EF422CAA3B9BC6 /* AMBPlugin.swift */; };
		5C1AA58F77A842A9AD638504 /* APPBadge.m in Sources */ = {isa = PBXBuildFile; fileRef = E93C2E08507B447F82207794 /* APPBadge.m */; };
		5DFA186F7E4240F59EDE5348 /* CDVDevice.m in Sources */ = {isa = PBXBuildFile; fileRef = 1D0D19391F7B400D8ED772EB /* CDVDevice.m */; };
		5EEFAFF4772041F6883D647C /* APPLocalNotification.m in Sources */ = {isa = PBXBuildFile; fileRef = 48ACB0A6B90F4AC9B3BDEBFA /* APPLocalNotification.m */; };
		5FD06437DEF940159E2BA9F3 /* CDVReachability.m in Sources */ = {isa = PBXBuildFile; fileRef = 58E41B28AA094922B40C6383 /* CDVReachability.m */; };
		6A9C2A2502F2434E975FDE81 /* SDNetworkActivityIndicator.m in Sources */ = {isa = PBXBuildFile; fileRef = 4B44EE01E2AB44538AED4776 /* SDNetworkActivityIndicator.m */; };
		6AFF5BF91D6E424B00AB3073 /* CDVLaunchScreen.storyboard in Resources */ = {isa = PBXBuildFile; fileRef = 6AFF5BF81D6E424B00AB3073 /* CDVLaunchScreen.storyboard */; };
		702C0328634E46AE804E354B /* CDVSharedPreferences.m in Sources */ = {isa = PBXBuildFile; fileRef = 9E5102E06F3643F58877321E /* CDVSharedPreferences.m */; };
		7122A174EF8543BC88489D65 /* CDVNotification.bundle in Resources */ = {isa = PBXBuildFile; fileRef = C52AA270F6C243A3A43FCAF6 /* CDVNotification.bundle */; };
		7148AC13CE0845D7B3AC63BA /* TapticEngine.m in Sources */ = {isa = PBXBuildFile; fileRef = 1610A048EF564B17A7D030A9 /* TapticEngine.m */; };
		7228EBBF071344AE95F0EC60 /* AMSConsent.swift in Sources */ = {isa = PBXBuildFile; fileRef = 97959515FCA742A2BAEBA706 /* AMSConsent.swift */; };
		74FDC7F1CEE54F7182F3B77F /* Security.framework in Frameworks */ = {isa = PBXBuildFile; fileRef = 93AA45A0B78C4A6A9BBDC68C /* Security.framework */; };
		764171D53F80403EA9D602E8 /* AMBAppOpenAd.swift in Sources */ = {isa = PBXBuildFile; fileRef = DE85341AC2D149BDAA96CC0F /* AMBAppOpenAd.swift */; };
		7A6FADE4451E47ABB7B0071A /* AMBGenerated.swift in Sources */ = {isa = PBXBuildFile; fileRef = 8F1D6F0832ED4A648219860C /* AMBGenerated.swift */; };
		7DF5931609704E05824DEAAF /* CDVSplashScreen.m in Sources */ = {isa = PBXBuildFile; fileRef = A3B45E5407CD41F7B5B07AA7 /* CDVSplashScreen.m */; };
		827F32F7233C7373A48F4433 /* Pods_Gemairo___Stats_voor_Magister.framework in Frameworks */ = {isa = PBXBuildFile; fileRef = A65004736ACCDA93D16B04F2 /* Pods_Gemairo___Stats_voor_Magister.framework */; };
		829861975561432A9E40FCFF /* APPNotificationContent.m in Sources */ = {isa = PBXBuildFile; fileRef = 2494016939E742FDAA12D9B6 /* APPNotificationContent.m */; };
		83248ECBAB864E5BB8912225 /* CDVWKInAppBrowserUIDelegate.m in Sources */ = {isa = PBXBuildFile; fileRef = 84DD525F7FBF43B387072B39 /* CDVWKInAppBrowserUIDelegate.m */; };
		85A52932A97648EDB02CDF81 /* BinaryResponseSerializer.m in Sources */ = {isa = PBXBuildFile; fileRef = C5D0ED8577EE47E4B5EAC5BC /* BinaryResponseSerializer.m */; };
		8614EBA6EBE44EFCA265FDAD /* TextResponseSerializer.m in Sources */ = {isa = PBXBuildFile; fileRef = 7843056262C6409CB1A0EE36 /* TextResponseSerializer.m */; };
		910EFFBD5AA142A3812FF963 /* CDVLocalFilesystem.m in Sources */ = {isa = PBXBuildFile; fileRef = 78636C4BDF12418588777684 /* CDVLocalFilesystem.m */; };
		9377A244C4F34C209A2400B9 /* Insomnia.m in Sources */ = {isa = PBXBuildFile; fileRef = 9B20DBEBCF2D4DE497D93453 /* Insomnia.m */; };
		9757B7F87C7A4898B40EF097 /* SM_AFURLRequestSerialization.m in Sources */ = {isa = PBXBuildFile; fileRef = CF59BE323B3F434FBFC09A52 /* SM_AFURLRequestSerialization.m */; };
		9968BCAACAE449D4BB503F1D /* AMBInterstitial.swift in Sources */ = {isa = PBXBuildFile; fileRef = 5860ABA8F05B482B9BCAD356 /* AMBInterstitial.swift */; };
		99B14F2A395244A181DC3441 /* CDVStatusBar.m in Sources */ = {isa = PBXBuildFile; fileRef = 8896E1C17947487094097B83 /* CDVStatusBar.m */; };
		9B20437A69704A6CA14E44D5 /* StoreKit.framework in Frameworks */ = {isa = PBXBuildFile; fileRef = B75376FC92914EC8AC9395F6 /* StoreKit.framework */; };
		9C60EB1E658A482083CFAAD3 /* SM_AFNetworkReachabilityManager.m in Sources */ = {isa = PBXBuildFile; fileRef = FF896610DB374A3EB83146F7 /* SM_AFNetworkReachabilityManager.m */; };
		9EFCCDE32C8343949EC6B246 /* SystemConfiguration.framework in Frameworks */ = {isa = PBXBuildFile; fileRef = F4D35790452949B9A71F139E /* SystemConfiguration.framework */; settings = {ATTRIBUTES = (Weak, ); }; };
		9F128913DA42446BA23639CC /* CDVInAppBrowserOptions.m in Sources */ = {isa = PBXBuildFile; fileRef = DA0666B28AD3482196D78BE7 /* CDVInAppBrowserOptions.m */; };
		A087E1F51094416EA23FB0EB /* APPNotificationOptions.m in Sources */ = {isa = PBXBuildFile; fileRef = 3026B0FEE3AC4BF9A839CC23 /* APPNotificationOptions.m */; };
		A26E02D54E134F059B9FC175 /* APPNotificationCategory.m in Sources */ = {isa = PBXBuildFile; fileRef = 8119CCD1D53545AE80F00C91 /* APPNotificationCategory.m */; };
		A732AAE78F6F4AFE80A14608 /* CDVBackgroundFetch.m in Sources */ = {isa = PBXBuildFile; fileRef = 24810D92785D479585660E3C /* CDVBackgroundFetch.m */; };
		AB3E2561A6AC4CC1A9DD1EB4 /* AMBAdBase.swift in Sources */ = {isa = PBXBuildFile; fileRef = EFFEA180388B4E82A2E8DF6E /* AMBAdBase.swift */; };
		AD2CD3BC5AC74B96989B2519 /* AMBCore.swift in Sources */ = {isa = PBXBuildFile; fileRef = 8BA4638570914E039C7AA8F9 /* AMBCore.swift */; };
		AEC799B960D04E97BA33F0B2 /* UserNotifications.framework in Frameworks */ = {isa = PBXBuildFile; fileRef = 69A1F610CB9544B2BACAC7ED /* UserNotifications.framework */; };
		B0BF67062AB24FB2A0CD417D /* AudioToolbox.framework in Frameworks */ = {isa = PBXBuildFile; fileRef = 90C4B8C115EA4CA89B714BC4 /* AudioToolbox.framework */; settings = {ATTRIBUTES = (Weak, ); }; };
		B626E3A3E22F48D5B921C21D /* CDVConnection.m in Sources */ = {isa = PBXBuildFile; fileRef = 3BB325AC85544373AE54441B /* CDVConnection.m */; };
		B6C2A67EB07E473BB5BC08F9 /* AMBNativeAd.swift in Sources */ = {isa = PBXBuildFile; fileRef = 482D21F7ED1240F785086DED /* AMBNativeAd.swift */; };
		BDE1633166F64423A6D2166A /* AppTrackingTransparency.framework in Frameworks */ = {isa = PBXBuildFile; fileRef = EC0512ACD2F54814A0E76A90 /* AppTrackingTransparency.framework */; settings = {ATTRIBUTES = (Weak, ); }; };
		C22E2F5065E74AC8849E0EED /* TextRequestSerializer.m in Sources */ = {isa = PBXBuildFile; fileRef = 3CE6263A9F3D4108B783365A /* TextRequestSerializer.m */; };
		D1B3A9F029CD31D2008543EE /* GoogleService-Info.plist in Resources */ = {isa = PBXBuildFile; fileRef = D1B3A9EE29CD31D2008543EE /* GoogleService-Info.plist */; };
		D1B3A9F229CD31E1008543EE /* GoogleService-Info.plist in Resources */ = {isa = PBXBuildFile; fileRef = D1B3A9F129CD31E1008543EE /* GoogleService-Info.plist */; };
		D1B3A9F729CD38F6008543EE /* AdSupport.framework in Frameworks */ = {isa = PBXBuildFile; fileRef = D1B3A9F529CD38F6008543EE /* AdSupport.framework */; };
		D37FD618E1544FCE9DC8DB48 /* FirebaseAnalyticsPlugin.m in Sources */ = {isa = PBXBuildFile; fileRef = 60FBED80A05F447E96CEBB5A /* FirebaseAnalyticsPlugin.m */; };
		D6537921B1814430946EA89B /* CDVVibration.m in Sources */ = {isa = PBXBuildFile; fileRef = C4715022DB374DD6B3910DDC /* CDVVibration.m */; };
		D750239B3C37494B96EEC9DC /* AMBContext.swift in Sources */ = {isa = PBXBuildFile; fileRef = 72B7A2B98C034BF996B8B444 /* AMBContext.swift */; };
		D97FE12F721549FAACEB275F /* CDVInAppBrowserNavigationController.m in Sources */ = {isa = PBXBuildFile; fileRef = 4ABA57B1D4174DE1A7613949 /* CDVInAppBrowserNavigationController.m */; };
		DADA346488F647DCBA2BC04B /* UIWindow+DismissNotification.m in Sources */ = {isa = PBXBuildFile; fileRef = D1527DE58ECA456CB4F5835A /* UIWindow+DismissNotification.m */; };
		E4423A3E8C4440508DD70BD0 /* CDVFile.m in Sources */ = {isa = PBXBuildFile; fileRef = EE76FD79B5C040718FAD6B13 /* CDVFile.m */; };
		EBD2487829FE40A2A6D3A268 /* AMBRewarded.swift in Sources */ = {isa = PBXBuildFile; fileRef = FA410581CD3E434888117009 /* AMBRewarded.swift */; };
		F0881BAD74BF4488A9D80AD7 /* CoreTelephony.framework in Frameworks */ = {isa = PBXBuildFile; fileRef = 931BE877749846BA835C0C6D /* CoreTelephony.framework */; };
		F0B57FC6A834439E86598633 /* CDVViewController+SplashScreen.m in Sources */ = {isa = PBXBuildFile; fileRef = 6CC0E84056E344AAB0CB9EDA /* CDVViewController+SplashScreen.m */; };
		F1B592F7D5B34F428BC017A1 /* CDVWKInAppBrowser.m in Sources */ = {isa = PBXBuildFile; fileRef = 9086B2C455D842AEBBC0F807 /* CDVWKInAppBrowser.m */; };
		F2E826A416374750A3F2DE8D /* SM_AFURLResponseSerialization.m in Sources */ = {isa = PBXBuildFile; fileRef = 676774BE52D94156B12EB648 /* SM_AFURLResponseSerialization.m */; };
		F3EFF7DE94CB4464BA6A0DEA /* LaunchReview.m in Sources */ = {isa = PBXBuildFile; fileRef = CF49E1285AFE4C849F30EC34 /* LaunchReview.m */; };
		F40548FED58D4C6FADEE94E1 /* BinaryRequestSerializer.m in Sources */ = {isa = PBXBuildFile; fileRef = F6DF1B2795F94ADD8B22217A /* BinaryRequestSerializer.m */; };
		F4A92C52667B458395255380 /* TSBackgroundFetch.xcframework in Frameworks */ = {isa = PBXBuildFile; fileRef = 78FADF1AB8E54EB7942AE85C /* TSBackgroundFetch.xcframework */; };
		F7453611E16945308F07624C /* UNNotificationRequest+APPLocalNotification.m in Sources */ = {isa = PBXBuildFile; fileRef = D8E9018E77974331A917813B /* UNNotificationRequest+APPLocalNotification.m */; };
		F888688171624DD9AF313679 /* UNUserNotificationCenter+APPLocalNotification.m in Sources */ = {isa = PBXBuildFile; fileRef = 7DB9A0D9620242CAB2BFCA13 /* UNUserNotificationCenter+APPLocalNotification.m */; };
		FCB2A7F665C04870BA552550 /* ThemeDetection.swift in Sources */ = {isa = PBXBuildFile; fileRef = FDF386EAD0934DFF87B2EC22 /* ThemeDetection.swift */; };
		FCB5A1346A6A47A68EC4991F /* NativeSettings.m in Sources */ = {isa = PBXBuildFile; fileRef = 27152642C2BA4E849ADDCD2E /* NativeSettings.m */; };
		3493DB0482A240979A571F06 /* IMPTrackingFacade.swift in Sources */ = {isa = PBXBuildFile; fileRef = 060C5407A89546E5AB118715 /* IMPTrackingFacade.swift */; };
		5C7D571ED0DB494EB5EF4086 /* IMPTrackingManager.swift in Sources */ = {isa = PBXBuildFile; fileRef = 68B0D78976DC4D7DA0995C83 /* IMPTrackingManager.swift */; };
		5F6EE78C2E8445B987F5E47A /* InfoTableViewCell.swift in Sources */ = {isa = PBXBuildFile; fileRef = D7EAD492778E4AD796CE6013 /* InfoTableViewCell.swift */; };
		97891DACA6444308B1556453 /* InfoViewController.swift in Sources */ = {isa = PBXBuildFile; fileRef = 41DC5102C0DE4A23A7958693 /* InfoViewController.swift */; };
		FAA079BAAFF14BCEA144029A /* TrackingRequestInfo.swift in Sources */ = {isa = PBXBuildFile; fileRef = 62BA1182E97B4BC7961FA9B3 /* TrackingRequestInfo.swift */; };
		C068C423CD86462DACA38E96 /* UIColor-Extension.swift in Sources */ = {isa = PBXBuildFile; fileRef = 69C5E7FC964348A99E66567A /* UIColor-Extension.swift */; };
		53A4BC9380924448810F3F87 /* InfoTableViewCell.xib in Resources */ = {isa = PBXBuildFile; fileRef = 5DF7A90248504AF292A72AC8 /* InfoTableViewCell.xib */; };
		A47CBF1BA98F42368333C3BC /* InfoViewController.xib in Resources */ = {isa = PBXBuildFile; fileRef = B661E0D250CD4E20A50A8319 /* InfoViewController.xib */; };
/* End PBXBuildFile section */

/* Begin PBXContainerItemProxy section */
		301BF534109A57CC0062928A /* PBXContainerItemProxy */ = {
			isa = PBXContainerItemProxy;
			containerPortal = 301BF52D109A57CC0062928A /* CordovaLib.xcodeproj */;
			proxyType = 2;
			remoteGlobalIDString = D2AAC07E0554694100DB518D;
			remoteInfo = CordovaLib;
		};
		301BF550109A68C00062928A /* PBXContainerItemProxy */ = {
			isa = PBXContainerItemProxy;
			containerPortal = 301BF52D109A57CC0062928A /* CordovaLib.xcodeproj */;
			proxyType = 1;
			remoteGlobalIDString = D2AAC07D0554694100DB518D;
			remoteInfo = CordovaLib;
		};
		907D8123214C687600058A10 /* PBXContainerItemProxy */ = {
			isa = PBXContainerItemProxy;
			containerPortal = 301BF52D109A57CC0062928A /* CordovaLib.xcodeproj */;
			proxyType = 2;
			remoteGlobalIDString = C0C01EB21E3911D50056E6CB;
			remoteInfo = Cordova;
		};
/* End PBXContainerItemProxy section */

/* Begin PBXFileReference section */
		0207DA571B56EA530066E2B4 /* Images.xcassets */ = {isa = PBXFileReference; lastKnownFileType = folder.assetcatalog; name = Images.xcassets; path = "Gemairo - Stats voor Magister/Images.xcassets"; sourceTree = SOURCE_ROOT; };
		06A7778F3770474F8FCDE40A /* SM_AFSecurityPolicy.m */ = {isa = PBXFileReference; explicitFileType = undefined; fileEncoding = 4; includeInIndex = 0; lastKnownFileType = sourcecode.c.objc; name = SM_AFSecurityPolicy.m; path = "cordova-plugin-advanced-http/SM_AFSecurityPolicy.m"; sourceTree = "<group>"; };
		06F5E90BAC762F4B0A7BEC27 /* Pods-Gemairo - Stats voor Magister.debug.xcconfig */ = {isa = PBXFileReference; includeInIndex = 1; lastKnownFileType = text.xcconfig; name = "Pods-Gemairo - Stats voor Magister.debug.xcconfig"; path = "Target Support Files/Pods-Gemairo - Stats voor Magister/Pods-Gemairo - Stats voor Magister.debug.xcconfig"; sourceTree = "<group>"; };
		070D48937AC34A5BA4B2E2F7 /* SM_AFHTTPSessionManager.m */ = {isa = PBXFileReference; explicitFileType = undefined; fileEncoding = 4; includeInIndex = 0; lastKnownFileType = sourcecode.c.objc; name = SM_AFHTTPSessionManager.m; path = "cordova-plugin-advanced-http/SM_AFHTTPSessionManager.m"; sourceTree = "<group>"; };
		09266FF883A7459CB6475C5B /* CDVLocalFilesystem.h */ = {isa = PBXFileReference; explicitFileType = undefined; fileEncoding = 4; includeInIndex = 0; lastKnownFileType = sourcecode.c.h; name = CDVLocalFilesystem.h; path = "cordova-plugin-file/CDVLocalFilesystem.h"; sourceTree = "<group>"; };
		0A046EABA3F5438DAB77E2AD /* TextResponseSerializer.h */ = {isa = PBXFileReference; explicitFileType = undefined; fileEncoding = 4; includeInIndex = 0; lastKnownFileType = sourcecode.c.h; name = TextResponseSerializer.h; path = "cordova-plugin-advanced-http/TextResponseSerializer.h"; sourceTree = "<group>"; };
		1610A048EF564B17A7D030A9 /* TapticEngine.m */ = {isa = PBXFileReference; explicitFileType = undefined; fileEncoding = 4; includeInIndex = 0; lastKnownFileType = sourcecode.c.objc; name = TapticEngine.m; path = "cordova-plugin-taptic-engine/TapticEngine.m"; sourceTree = "<group>"; };
		1BB7963EED8A48CEBA2A68AC /* CDVWKInAppBrowserUIDelegate.h */ = {isa = PBXFileReference; explicitFileType = undefined; fileEncoding = 4; includeInIndex = 0; lastKnownFileType = sourcecode.c.h; name = CDVWKInAppBrowserUIDelegate.h; path = "cordova-plugin-inappbrowser/CDVWKInAppBrowserUIDelegate.h"; sourceTree = "<group>"; };
		1C74172E276544AF8075E57B /* CDVDevice.h */ = {isa = PBXFileReference; explicitFileType = undefined; fileEncoding = 4; includeInIndex = 0; lastKnownFileType = sourcecode.c.h; name = CDVDevice.h; path = "cordova-plugin-device/CDVDevice.h"; sourceTree = "<group>"; };
		1D0D19391F7B400D8ED772EB /* CDVDevice.m */ = {isa = PBXFileReference; explicitFileType = undefined; fileEncoding = 4; includeInIndex = 0; lastKnownFileType = sourcecode.c.objc; name = CDVDevice.m; path = "cordova-plugin-device/CDVDevice.m"; sourceTree = "<group>"; };
		1D3623240D0F684500981E51 /* AppDelegate.h */ = {isa = PBXFileReference; fileEncoding = 4; lastKnownFileType = sourcecode.c.h; path = AppDelegate.h; sourceTree = "<group>"; };
		1D3623250D0F684500981E51 /* AppDelegate.m */ = {isa = PBXFileReference; fileEncoding = 4; lastKnownFileType = sourcecode.c.objc; path = AppDelegate.m; sourceTree = "<group>"; };
		1D6058910D05DD3D006BFB54 /* Gemairo - Stats voor Magister.app */ = {isa = PBXFileReference; explicitFileType = wrapper.application; includeInIndex = 0; path = "Gemairo - Stats voor Magister.app"; sourceTree = BUILT_PRODUCTS_DIR; };
		24810D92785D479585660E3C /* CDVBackgroundFetch.m */ = {isa = PBXFileReference; explicitFileType = undefined; fileEncoding = 4; includeInIndex = 0; lastKnownFileType = sourcecode.c.objc; name = CDVBackgroundFetch.m; path = "cordova-plugin-background-fetch/CDVBackgroundFetch.m"; sourceTree = "<group>"; };
		2494016939E742FDAA12D9B6 /* APPNotificationContent.m */ = {isa = PBXFileReference; explicitFileType = undefined; fileEncoding = 4; includeInIndex = 0; lastKnownFileType = sourcecode.c.objc; name = APPNotificationContent.m; path = "cordova-plugin-local-notification-12/APPNotificationContent.m"; sourceTree = "<group>"; };
		27152642C2BA4E849ADDCD2E /* NativeSettings.m */ = {isa = PBXFileReference; explicitFileType = undefined; fileEncoding = 4; includeInIndex = 0; lastKnownFileType = sourcecode.c.objc; name = NativeSettings.m; path = "cordova-open-native-settings/NativeSettings.m"; sourceTree = "<group>"; };
		27766BA6E4F344D5B39706FE /* APPLocalNotification.h */ = {isa = PBXFileReference; explicitFileType = undefined; fileEncoding = 4; includeInIndex = 0; lastKnownFileType = sourcecode.c.h; name = APPLocalNotification.h; path = "cordova-plugin-local-notification-12/APPLocalNotification.h"; sourceTree = "<group>"; };
		2953CC46018D4FF986DEC265 /* SM_AFNetworkReachabilityManager.h */ = {isa = PBXFileReference; explicitFileType = undefined; fileEncoding = 4; includeInIndex = 0; lastKnownFileType = sourcecode.c.h; name = SM_AFNetworkReachabilityManager.h; path = "cordova-plugin-advanced-http/SM_AFNetworkReachabilityManager.h"; sourceTree = "<group>"; };
		29B97316FDCFA39411CA2CEA /* main.m */ = {isa = PBXFileReference; fileEncoding = 4; lastKnownFileType = sourcecode.c.objc; path = main.m; sourceTree = "<group>"; };
		2B510A2E5AAB4C40B96A75ED /* CDVStatusBar.h */ = {isa = PBXFileReference; explicitFileType = undefined; fileEncoding = 4; includeInIndex = 0; lastKnownFileType = sourcecode.c.h; name = CDVStatusBar.h; path = "cordova-plugin-statusbar/CDVStatusBar.h"; sourceTree = "<group>"; };
		2E467593642A4BC3B0696605 /* AppVersion.m */ = {isa = PBXFileReference; explicitFileType = undefined; fileEncoding = 4; includeInIndex = 0; lastKnownFileType = sourcecode.c.objc; name = AppVersion.m; path = "cordova-plugin-app-version/AppVersion.m"; sourceTree = "<group>"; };
		301BF52D109A57CC0062928A /* CordovaLib.xcodeproj */ = {isa = PBXFileReference; lastKnownFileType = "wrapper.pb-project"; name = CordovaLib.xcodeproj; path = CordovaLib/CordovaLib.xcodeproj; sourceTree = "<group>"; };
		301BF56E109A69640062928A /* www */ = {isa = PBXFileReference; lastKnownFileType = folder; path = www; sourceTree = SOURCE_ROOT; };
		3026B0FEE3AC4BF9A839CC23 /* APPNotificationOptions.m */ = {isa = PBXFileReference; explicitFileType = undefined; fileEncoding = 4; includeInIndex = 0; lastKnownFileType = sourcecode.c.objc; name = APPNotificationOptions.m; path = "cordova-plugin-local-notification-12/APPNotificationOptions.m"; sourceTree = "<group>"; };
		302D95EE14D2391D003F00A1 /* MainViewController.h */ = {isa = PBXFileReference; fileEncoding = 4; lastKnownFileType = sourcecode.c.h; path = MainViewController.h; sourceTree = "<group>"; };
		302D95EF14D2391D003F00A1 /* MainViewController.m */ = {isa = PBXFileReference; fileEncoding = 4; lastKnownFileType = sourcecode.c.objc; path = MainViewController.m; sourceTree = "<group>"; };
		302D95F014D2391D003F00A1 /* MainViewController.xib */ = {isa = PBXFileReference; fileEncoding = 4; lastKnownFileType = file.xib; path = MainViewController.xib; sourceTree = "<group>"; };
		3047A50F1AB8059700498E2A /* build-debug.xcconfig */ = {isa = PBXFileReference; fileEncoding = 4; lastKnownFileType = text.xcconfig; name = "build-debug.xcconfig"; path = "cordova/build-debug.xcconfig"; sourceTree = SOURCE_ROOT; };
		3047A5101AB8059700498E2A /* build-release.xcconfig */ = {isa = PBXFileReference; fileEncoding = 4; lastKnownFileType = text.xcconfig; name = "build-release.xcconfig"; path = "cordova/build-release.xcconfig"; sourceTree = SOURCE_ROOT; };
		3047A5111AB8059700498E2A /* build.xcconfig */ = {isa = PBXFileReference; fileEncoding = 4; lastKnownFileType = text.xcconfig; name = build.xcconfig; path = cordova/build.xcconfig; sourceTree = SOURCE_ROOT; };
		321A913DFD5F4844909F0EB3 /* SM_AFURLRequestSerialization.h */ = {isa = PBXFileReference; explicitFileType = undefined; fileEncoding = 4; includeInIndex = 0; lastKnownFileType = sourcecode.c.h; name = SM_AFURLRequestSerialization.h; path = "cordova-plugin-advanced-http/SM_AFURLRequestSerialization.h"; sourceTree = "<group>"; };
		32CA4F630368D1EE00C91783 /* Gemairo - Stats voor Magister-Prefix.pch */ = {isa = PBXFileReference; fileEncoding = 4; lastKnownFileType = sourcecode.c.h; path = "Gemairo - Stats voor Magister-Prefix.pch"; sourceTree = "<group>"; };
		3B1E2E8A415F4BD084AA0D6A /* CDVSharedPreferences.h */ = {isa = PBXFileReference; explicitFileType = undefined; fileEncoding = 4; includeInIndex = 0; lastKnownFileType = sourcecode.c.h; name = CDVSharedPreferences.h; path = "cordova-plugin-awesome-shared-preferences/CDVSharedPreferences.h"; sourceTree = "<group>"; };
		3BB325AC85544373AE54441B /* CDVConnection.m */ = {isa = PBXFileReference; explicitFileType = undefined; fileEncoding = 4; includeInIndex = 0; lastKnownFileType = sourcecode.c.objc; name = CDVConnection.m; path = "cordova-plugin-network-information/CDVConnection.m"; sourceTree = "<group>"; };
		3CE6263A9F3D4108B783365A /* TextRequestSerializer.m */ = {isa = PBXFileReference; explicitFileType = undefined; fileEncoding = 4; includeInIndex = 0; lastKnownFileType = sourcecode.c.objc; name = TextRequestSerializer.m; path = "cordova-plugin-advanced-http/TextRequestSerializer.m"; sourceTree = "<group>"; };
		3E3AB45F19D948FFBA636D69 /* UNNotificationRequest+APPLocalNotification.h */ = {isa = PBXFileReference; explicitFileType = undefined; fileEncoding = 4; includeInIndex = 0; lastKnownFileType = sourcecode.c.h; name = "UNNotificationRequest+APPLocalNotification.h"; path = "cordova-plugin-local-notification-12/UNNotificationRequest+APPLocalNotification.h"; sourceTree = "<group>"; };
		44868458328140BA944AA644 /* CDVSplashScreen.h */ = {isa = PBXFileReference; explicitFileType = undefined; fileEncoding = 4; includeInIndex = 0; lastKnownFileType = sourcecode.c.h; name = CDVSplashScreen.h; path = "cordova-plugin-splashscreen/CDVSplashScreen.h"; sourceTree = "<group>"; };
		46B9F180131587E7DB41359C /* Pods-Gemairo - Stats voor Magister.release.xcconfig */ = {isa = PBXFileReference; includeInIndex = 1; lastKnownFileType = text.xcconfig; name = "Pods-Gemairo - Stats voor Magister.release.xcconfig"; path = "Target Support Files/Pods-Gemairo - Stats voor Magister/Pods-Gemairo - Stats voor Magister.release.xcconfig"; sourceTree = "<group>"; };
		47F4D95C71FE48399B172260 /* NSUserDefaults+CDVSharedPreferences.h */ = {isa = PBXFileReference; explicitFileType = undefined; fileEncoding = 4; includeInIndex = 0; lastKnownFileType = sourcecode.c.h; name = "NSUserDefaults+CDVSharedPreferences.h"; path = "cordova-plugin-awesome-shared-preferences/NSUserDefaults+CDVSharedPreferences.h"; sourceTree = "<group>"; };
		482D21F7ED1240F785086DED /* AMBNativeAd.swift */ = {isa = PBXFileReference; explicitFileType = undefined; fileEncoding = 4; includeInIndex = 0; lastKnownFileType = sourcecode.swift; name = AMBNativeAd.swift; path = "admob-plus-cordova/AMBNativeAd.swift"; sourceTree = "<group>"; };
		48ACB0A6B90F4AC9B3BDEBFA /* APPLocalNotification.m */ = {isa = PBXFileReference; explicitFileType = undefined; fileEncoding = 4; includeInIndex = 0; lastKnownFileType = sourcecode.c.objc; name = APPLocalNotification.m; path = "cordova-plugin-local-notification-12/APPLocalNotification.m"; sourceTree = "<group>"; };
		4ABA57B1D4174DE1A7613949 /* CDVInAppBrowserNavigationController.m */ = {isa = PBXFileReference; explicitFileType = undefined; fileEncoding = 4; includeInIndex = 0; lastKnownFileType = sourcecode.c.objc; name = CDVInAppBrowserNavigationController.m; path = "cordova-plugin-inappbrowser/CDVInAppBrowserNavigationController.m"; sourceTree = "<group>"; };
		4B44EE01E2AB44538AED4776 /* SDNetworkActivityIndicator.m */ = {isa = PBXFileReference; explicitFileType = undefined; fileEncoding = 4; includeInIndex = 0; lastKnownFileType = sourcecode.c.objc; name = SDNetworkActivityIndicator.m; path = "cordova-plugin-advanced-http/SDNetworkActivityIndicator.m"; sourceTree = "<group>"; };
		5860ABA8F05B482B9BCAD356 /* AMBInterstitial.swift */ = {isa = PBXFileReference; explicitFileType = undefined; fileEncoding = 4; includeInIndex = 0; lastKnownFileType = sourcecode.swift; name = AMBInterstitial.swift; path = "admob-plus-cordova/AMBInterstitial.swift"; sourceTree = "<group>"; };
		58E41B28AA094922B40C6383 /* CDVReachability.m */ = {isa = PBXFileReference; explicitFileType = undefined; fileEncoding = 4; includeInIndex = 0; lastKnownFileType = sourcecode.c.objc; name = CDVReachability.m; path = "cordova-plugin-network-information/CDVReachability.m"; sourceTree = "<group>"; };
		5A899EE6FE004871AB3C7AF4 /* BinaryRequestSerializer.h */ = {isa = PBXFileReference; explicitFileType = undefined; fileEncoding = 4; includeInIndex = 0; lastKnownFileType = sourcecode.c.h; name = BinaryRequestSerializer.h; path = "cordova-plugin-advanced-http/BinaryRequestSerializer.h"; sourceTree = "<group>"; };
		5C4EC84FCE7B47E09BF21887 /* CDVWKInAppBrowser.h */ = {isa = PBXFileReference; explicitFileType = undefined; fileEncoding = 4; includeInIndex = 0; lastKnownFileType = sourcecode.c.h; name = CDVWKInAppBrowser.h; path = "cordova-plugin-inappbrowser/CDVWKInAppBrowser.h"; sourceTree = "<group>"; };
		5F1E3C1DEB164CFA84FAC03A /* TapticEngine.h */ = {isa = PBXFileReference; explicitFileType = undefined; fileEncoding = 4; includeInIndex = 0; lastKnownFileType = sourcecode.c.h; name = TapticEngine.h; path = "cordova-plugin-taptic-engine/TapticEngine.h"; sourceTree = "<group>"; };
		60FBED80A05F447E96CEBB5A /* FirebaseAnalyticsPlugin.m */ = {isa = PBXFileReference; explicitFileType = undefined; fileEncoding = 4; includeInIndex = 0; lastKnownFileType = sourcecode.c.objc; name = FirebaseAnalyticsPlugin.m; path = "cordova-plugin-firebase-analytics/FirebaseAnalyticsPlugin.m"; sourceTree = "<group>"; };
		674344F1876745DC841B4143 /* CDVAssetLibraryFilesystem.m */ = {isa = PBXFileReference; explicitFileType = undefined; fileEncoding = 4; includeInIndex = 0; lastKnownFileType = sourcecode.c.objc; name = CDVAssetLibraryFilesystem.m; path = "cordova-plugin-file/CDVAssetLibraryFilesystem.m"; sourceTree = "<group>"; };
		676774BE52D94156B12EB648 /* SM_AFURLResponseSerialization.m */ = {isa = PBXFileReference; explicitFileType = undefined; fileEncoding = 4; includeInIndex = 0; lastKnownFileType = sourcecode.c.objc; name = SM_AFURLResponseSerialization.m; path = "cordova-plugin-advanced-http/SM_AFURLResponseSerialization.m"; sourceTree = "<group>"; };
		69A1F610CB9544B2BACAC7ED /* UserNotifications.framework */ = {isa = PBXFileReference; explicitFileType = undefined; fileEncoding = 9; includeInIndex = 0; lastKnownFileType = wrapper.framework; name = UserNotifications.framework; path = System/Library/Frameworks/UserNotifications.framework; sourceTree = SDKROOT; };
		6AFF5BF81D6E424B00AB3073 /* CDVLaunchScreen.storyboard */ = {isa = PBXFileReference; fileEncoding = 4; lastKnownFileType = file.storyboard; name = CDVLaunchScreen.storyboard; path = "Gemairo - Stats voor Magister/CDVLaunchScreen.storyboard"; sourceTree = SOURCE_ROOT; };
		6B55FB23597F489BB300F6AB /* APPBadge.h */ = {isa = PBXFileReference; explicitFileType = undefined; fileEncoding = 4; includeInIndex = 0; lastKnownFileType = sourcecode.c.h; name = APPBadge.h; path = "cordova-plugin-badge-fix/APPBadge.h"; sourceTree = "<group>"; };
		6CC0E84056E344AAB0CB9EDA /* CDVViewController+SplashScreen.m */ = {isa = PBXFileReference; explicitFileType = undefined; fileEncoding = 4; includeInIndex = 0; lastKnownFileType = sourcecode.c.objc; name = "CDVViewController+SplashScreen.m"; path = "cordova-plugin-splashscreen/CDVViewController+SplashScreen.m"; sourceTree = "<group>"; };
		6F4BE40E10424F57B7A5B99C /* Insomnia.h */ = {isa = PBXFileReference; explicitFileType = undefined; fileEncoding = 4; includeInIndex = 0; lastKnownFileType = sourcecode.c.h; name = Insomnia.h; path = "cordova-plugin-insomnia/Insomnia.h"; sourceTree = "<group>"; };
		729060246C09460E8BA3BEAF /* NativeSettings.h */ = {isa = PBXFileReference; explicitFileType = undefined; fileEncoding = 4; includeInIndex = 0; lastKnownFileType = sourcecode.c.h; name = NativeSettings.h; path = "cordova-open-native-settings/NativeSettings.h"; sourceTree = "<group>"; };
		72B7A2B98C034BF996B8B444 /* AMBContext.swift */ = {isa = PBXFileReference; explicitFileType = undefined; fileEncoding = 4; includeInIndex = 0; lastKnownFileType = sourcecode.swift; name = AMBContext.swift; path = "admob-plus-cordova/AMBContext.swift"; sourceTree = "<group>"; };
		74DAAE439BF144FDB0B127EA /* SM_AFSecurityPolicy.h */ = {isa = PBXFileReference; explicitFileType = undefined; fileEncoding = 4; includeInIndex = 0; lastKnownFileType = sourcecode.c.h; name = SM_AFSecurityPolicy.h; path = "cordova-plugin-advanced-http/SM_AFSecurityPolicy.h"; sourceTree = "<group>"; };
		7843056262C6409CB1A0EE36 /* TextResponseSerializer.m */ = {isa = PBXFileReference; explicitFileType = undefined; fileEncoding = 4; includeInIndex = 0; lastKnownFileType = sourcecode.c.objc; name = TextResponseSerializer.m; path = "cordova-plugin-advanced-http/TextResponseSerializer.m"; sourceTree = "<group>"; };
		78636C4BDF12418588777684 /* CDVLocalFilesystem.m */ = {isa = PBXFileReference; explicitFileType = undefined; fileEncoding = 4; includeInIndex = 0; lastKnownFileType = sourcecode.c.objc; name = CDVLocalFilesystem.m; path = "cordova-plugin-file/CDVLocalFilesystem.m"; sourceTree = "<group>"; };
		78FADF1AB8E54EB7942AE85C /* TSBackgroundFetch.xcframework */ = {isa = PBXFileReference; explicitFileType = undefined; fileEncoding = 9; includeInIndex = 0; lastKnownFileType = unknown; name = TSBackgroundFetch.xcframework; path = "Gemairo - Stats voor Magister/Plugins/cordova-plugin-background-fetch/TSBackgroundFetch.xcframework"; sourceTree = "<group>"; };
		79F964A299B3482EABBD72BB /* AMBRewardedInterstitial.swift */ = {isa = PBXFileReference; explicitFileType = undefined; fileEncoding = 4; includeInIndex = 0; lastKnownFileType = sourcecode.swift; name = AMBRewardedInterstitial.swift; path = "admob-plus-cordova/AMBRewardedInterstitial.swift"; sourceTree = "<group>"; };
		7D98B18B8E8E44A0A3E63D92 /* AMSConsent-Bridging-Header.h */ = {isa = PBXFileReference; explicitFileType = undefined; fileEncoding = 4; includeInIndex = 0; lastKnownFileType = sourcecode.c.h; name = "AMSConsent-Bridging-Header.h"; path = "cordova-plugin-consent/AMSConsent-Bridging-Header.h"; sourceTree = "<group>"; };
		7DB9A0D9620242CAB2BFCA13 /* UNUserNotificationCenter+APPLocalNotification.m */ = {isa = PBXFileReference; explicitFileType = undefined; fileEncoding = 4; includeInIndex = 0; lastKnownFileType = sourcecode.c.objc; name = "UNUserNotificationCenter+APPLocalNotification.m"; path = "cordova-plugin-local-notification-12/UNUserNotificationCenter+APPLocalNotification.m"; sourceTree = "<group>"; };
		7E6E383BF13F4368989499ED /* APPNotificationContent.h */ = {isa = PBXFileReference; explicitFileType = undefined; fileEncoding = 4; includeInIndex = 0; lastKnownFileType = sourcecode.c.h; name = APPNotificationContent.h; path = "cordova-plugin-local-notification-12/APPNotificationContent.h"; sourceTree = "<group>"; };
		8119CCD1D53545AE80F00C91 /* APPNotificationCategory.m */ = {isa = PBXFileReference; explicitFileType = undefined; fileEncoding = 4; includeInIndex = 0; lastKnownFileType = sourcecode.c.objc; name = APPNotificationCategory.m; path = "cordova-plugin-local-notification-12/APPNotificationCategory.m"; sourceTree = "<group>"; };
		82BDD15997214149A2F14660 /* AppVersion.h */ = {isa = PBXFileReference; explicitFileType = undefined; fileEncoding = 4; includeInIndex = 0; lastKnownFileType = sourcecode.c.h; name = AppVersion.h; path = "cordova-plugin-app-version/AppVersion.h"; sourceTree = "<group>"; };
		84DD525F7FBF43B387072B39 /* CDVWKInAppBrowserUIDelegate.m */ = {isa = PBXFileReference; explicitFileType = undefined; fileEncoding = 4; includeInIndex = 0; lastKnownFileType = sourcecode.c.objc; name = CDVWKInAppBrowserUIDelegate.m; path = "cordova-plugin-inappbrowser/CDVWKInAppBrowserUIDelegate.m"; sourceTree = "<group>"; };
		87CA87F610284A16B5415E75 /* UNUserNotificationCenter+APPLocalNotification.h */ = {isa = PBXFileReference; explicitFileType = undefined; fileEncoding = 4; includeInIndex = 0; lastKnownFileType = sourcecode.c.h; name = "UNUserNotificationCenter+APPLocalNotification.h"; path = "cordova-plugin-local-notification-12/UNUserNotificationCenter+APPLocalNotification.h"; sourceTree = "<group>"; };
		8896E1C17947487094097B83 /* CDVStatusBar.m */ = {isa = PBXFileReference; explicitFileType = undefined; fileEncoding = 4; includeInIndex = 0; lastKnownFileType = sourcecode.c.objc; name = CDVStatusBar.m; path = "cordova-plugin-statusbar/CDVStatusBar.m"; sourceTree = "<group>"; };
		88E373F6EB3649469026DD3B /* CDVInAppBrowserOptions.h */ = {isa = PBXFileReference; explicitFileType = undefined; fileEncoding = 4; includeInIndex = 0; lastKnownFileType = sourcecode.c.h; name = CDVInAppBrowserOptions.h; path = "cordova-plugin-inappbrowser/CDVInAppBrowserOptions.h"; sourceTree = "<group>"; };
		8AD776220D45450EB410BBDC /* SM_AFURLSessionManager.h */ = {isa = PBXFileReference; explicitFileType = undefined; fileEncoding = 4; includeInIndex = 0; lastKnownFileType = sourcecode.c.h; name = SM_AFURLSessionManager.h; path = "cordova-plugin-advanced-http/SM_AFURLSessionManager.h"; sourceTree = "<group>"; };
		8BA4638570914E039C7AA8F9 /* AMBCore.swift */ = {isa = PBXFileReference; explicitFileType = undefined; fileEncoding = 4; includeInIndex = 0; lastKnownFileType = sourcecode.swift; name = AMBCore.swift; path = "admob-plus-cordova/AMBCore.swift"; sourceTree = "<group>"; };
		8D1107310486CEB800E47090 /* Gemairo - Stats voor Magister-Info.plist */ = {isa = PBXFileReference; fileEncoding = 4; lastKnownFileType = text.plist.xml; name = "Gemairo - Stats voor Magister-Info.plist"; path = "Gemairo - Stats voor Magister/Gemairo - Stats voor Magister-Info.plist"; plistStructureDefinitionIdentifier = "com.apple.xcode.plist.structure-definition.iphone.info-plist"; sourceTree = SOURCE_ROOT; };
		8F1D6F0832ED4A648219860C /* AMBGenerated.swift */ = {isa = PBXFileReference; explicitFileType = undefined; fileEncoding = 4; includeInIndex = 0; lastKnownFileType = sourcecode.swift; name = AMBGenerated.swift; path = "admob-plus-cordova/AMBGenerated.swift"; sourceTree = "<group>"; };
		9086B2C455D842AEBBC0F807 /* CDVWKInAppBrowser.m */ = {isa = PBXFileReference; explicitFileType = undefined; fileEncoding = 4; includeInIndex = 0; lastKnownFileType = sourcecode.c.objc; name = CDVWKInAppBrowser.m; path = "cordova-plugin-inappbrowser/CDVWKInAppBrowser.m"; sourceTree = "<group>"; };
		90C4B8C115EA4CA89B714BC4 /* AudioToolbox.framework */ = {isa = PBXFileReference; explicitFileType = undefined; fileEncoding = 9; includeInIndex = 0; lastKnownFileType = wrapper.framework; name = AudioToolbox.framework; path = System/Library/Frameworks/AudioToolbox.framework; sourceTree = SDKROOT; };
		9196DEC4810846D08CA5CACE /* UIWindow+DismissNotification.h */ = {isa = PBXFileReference; explicitFileType = undefined; fileEncoding = 4; includeInIndex = 0; lastKnownFileType = sourcecode.c.h; name = "UIWindow+DismissNotification.h"; path = "cordova-launch-review/UIWindow+DismissNotification.h"; sourceTree = "<group>"; };
		926DDD9280A241CD9D1B847A /* CoreLocation.framework */ = {isa = PBXFileReference; explicitFileType = undefined; fileEncoding = 9; includeInIndex = 0; lastKnownFileType = wrapper.framework; name = CoreLocation.framework; path = System/Library/Frameworks/CoreLocation.framework; sourceTree = SDKROOT; };
		931BE877749846BA835C0C6D /* CoreTelephony.framework */ = {isa = PBXFileReference; explicitFileType = undefined; fileEncoding = 9; includeInIndex = 0; lastKnownFileType = wrapper.framework; name = CoreTelephony.framework; path = System/Library/Frameworks/CoreTelephony.framework; sourceTree = SDKROOT; };
		93AA45A0B78C4A6A9BBDC68C /* Security.framework */ = {isa = PBXFileReference; explicitFileType = undefined; fileEncoding = 9; includeInIndex = 0; lastKnownFileType = wrapper.framework; name = Security.framework; path = System/Library/Frameworks/Security.framework; sourceTree = SDKROOT; };
		95BA6378CDA649F5AFB23C0E /* CordovaHttpPlugin.h */ = {isa = PBXFileReference; explicitFileType = undefined; fileEncoding = 4; includeInIndex = 0; lastKnownFileType = sourcecode.c.h; name = CordovaHttpPlugin.h; path = "cordova-plugin-advanced-http/CordovaHttpPlugin.h"; sourceTree = "<group>"; };
		97959515FCA742A2BAEBA706 /* AMSConsent.swift */ = {isa = PBXFileReference; explicitFileType = undefined; fileEncoding = 4; includeInIndex = 0; lastKnownFileType = sourcecode.swift; name = AMSConsent.swift; path = "cordova-plugin-consent/AMSConsent.swift"; sourceTree = "<group>"; };
		99316CCDD3644058A65F363D /* CDVViewController+SplashScreen.h */ = {isa = PBXFileReference; explicitFileType = undefined; fileEncoding = 4; includeInIndex = 0; lastKnownFileType = sourcecode.c.h; name = "CDVViewController+SplashScreen.h"; path = "cordova-plugin-splashscreen/CDVViewController+SplashScreen.h"; sourceTree = "<group>"; };
		9B20DBEBCF2D4DE497D93453 /* Insomnia.m */ = {isa = PBXFileReference; explicitFileType = undefined; fileEncoding = 4; includeInIndex = 0; lastKnownFileType = sourcecode.c.objc; name = Insomnia.m; path = "cordova-plugin-insomnia/Insomnia.m"; sourceTree = "<group>"; };
		9E5102E06F3643F58877321E /* CDVSharedPreferences.m */ = {isa = PBXFileReference; explicitFileType = undefined; fileEncoding = 4; includeInIndex = 0; lastKnownFileType = sourcecode.c.objc; name = CDVSharedPreferences.m; path = "cordova-plugin-awesome-shared-preferences/CDVSharedPreferences.m"; sourceTree = "<group>"; };
		9F2DCDE18400472F943C221F /* APPNotificationCategory.h */ = {isa = PBXFileReference; explicitFileType = undefined; fileEncoding = 4; includeInIndex = 0; lastKnownFileType = sourcecode.c.h; name = APPNotificationCategory.h; path = "cordova-plugin-local-notification-12/APPNotificationCategory.h"; sourceTree = "<group>"; };
		9F5B615C5C1F4E79901AA2A3 /* LaunchReview.h */ = {isa = PBXFileReference; explicitFileType = undefined; fileEncoding = 4; includeInIndex = 0; lastKnownFileType = sourcecode.c.h; name = LaunchReview.h; path = "cordova-launch-review/LaunchReview.h"; sourceTree = "<group>"; };
		A3B45E5407CD41F7B5B07AA7 /* CDVSplashScreen.m */ = {isa = PBXFileReference; explicitFileType = undefined; fileEncoding = 4; includeInIndex = 0; lastKnownFileType = sourcecode.c.objc; name = CDVSplashScreen.m; path = "cordova-plugin-splashscreen/CDVSplashScreen.m"; sourceTree = "<group>"; };
		A413AE5300DB43C991F264F9 /* CordovaHttpPlugin.m */ = {isa = PBXFileReference; explicitFileType = undefined; fileEncoding = 4; includeInIndex = 0; lastKnownFileType = sourcecode.c.objc; name = CordovaHttpPlugin.m; path = "cordova-plugin-advanced-http/CordovaHttpPlugin.m"; sourceTree = "<group>"; };
		A65004736ACCDA93D16B04F2 /* Pods_Gemairo___Stats_voor_Magister.framework */ = {isa = PBXFileReference; explicitFileType = wrapper.framework; includeInIndex = 0; path = "Pods_Gemairo___Stats_voor_Magister.framework"; sourceTree = BUILT_PRODUCTS_DIR; };
		AEE3E6E60C8740BAB61A9720 /* SM_AFURLResponseSerialization.h */ = {isa = PBXFileReference; explicitFileType = undefined; fileEncoding = 4; includeInIndex = 0; lastKnownFileType = sourcecode.c.h; name = SM_AFURLResponseSerialization.h; path = "cordova-plugin-advanced-http/SM_AFURLResponseSerialization.h"; sourceTree = "<group>"; };
		B31DF2D66B0741429F3D5948 /* NSUserDefaults+CDVSharedPreferences.m */ = {isa = PBXFileReference; explicitFileType = undefined; fileEncoding = 4; includeInIndex = 0; lastKnownFileType = sourcecode.c.objc; name = "NSUserDefaults+CDVSharedPreferences.m"; path = "cordova-plugin-awesome-shared-preferences/NSUserDefaults+CDVSharedPreferences.m"; sourceTree = "<group>"; };
		B75376FC92914EC8AC9395F6 /* StoreKit.framework */ = {isa = PBXFileReference; explicitFileType = undefined; fileEncoding = 9; includeInIndex = 0; lastKnownFileType = wrapper.framework; name = StoreKit.framework; path = System/Library/Frameworks/StoreKit.framework; sourceTree = SDKROOT; };
		BB9C4E5B97C34BD8B4A107A3 /* APPNotificationOptions.h */ = {isa = PBXFileReference; explicitFileType = undefined; fileEncoding = 4; includeInIndex = 0; lastKnownFileType = sourcecode.c.h; name = APPNotificationOptions.h; path = "cordova-plugin-local-notification-12/APPNotificationOptions.h"; sourceTree = "<group>"; };
		C3281827E120472ABB360727 /* SM_AFURLSessionManager.m */ = {isa = PBXFileReference; explicitFileType = undefined; fileEncoding = 4; includeInIndex = 0; lastKnownFileType = sourcecode.c.objc; name = SM_AFURLSessionManager.m; path = "cordova-plugin-advanced-http/SM_AFURLSessionManager.m"; sourceTree = "<group>"; };
		C4715022DB374DD6B3910DDC /* CDVVibration.m */ = {isa = PBXFileReference; explicitFileType = undefined; fileEncoding = 4; includeInIndex = 0; lastKnownFileType = sourcecode.c.objc; name = CDVVibration.m; path = "cordova-plugin-vibration/CDVVibration.m"; sourceTree = "<group>"; };
		C52AA270F6C243A3A43FCAF6 /* CDVNotification.bundle */ = {isa = PBXFileReference; explicitFileType = undefined; fileEncoding = 9; includeInIndex = 0; lastKnownFileType = "wrapper.plug-in"; path = CDVNotification.bundle; sourceTree = "<group>"; };
		C5D0ED8577EE47E4B5EAC5BC /* BinaryResponseSerializer.m */ = {isa = PBXFileReference; explicitFileType = undefined; fileEncoding = 4; includeInIndex = 0; lastKnownFileType = sourcecode.c.objc; name = BinaryResponseSerializer.m; path = "cordova-plugin-advanced-http/BinaryResponseSerializer.m"; sourceTree = "<group>"; };
		C876A43539CB4FFD93769329 /* SM_AFHTTPSessionManager.h */ = {isa = PBXFileReference; explicitFileType = undefined; fileEncoding = 4; includeInIndex = 0; lastKnownFileType = sourcecode.c.h; name = SM_AFHTTPSessionManager.h; path = "cordova-plugin-advanced-http/SM_AFHTTPSessionManager.h"; sourceTree = "<group>"; };
		C9A84F8EC11A4A6385CCF40D /* CDVInAppBrowserNavigationController.h */ = {isa = PBXFileReference; explicitFileType = undefined; fileEncoding = 4; includeInIndex = 0; lastKnownFileType = sourcecode.c.h; name = CDVInAppBrowserNavigationController.h; path = "cordova-plugin-inappbrowser/CDVInAppBrowserNavigationController.h"; sourceTree = "<group>"; };
		CF49E1285AFE4C849F30EC34 /* LaunchReview.m */ = {isa = PBXFileReference; explicitFileType = undefined; fileEncoding = 4; includeInIndex = 0; lastKnownFileType = sourcecode.c.objc; name = LaunchReview.m; path = "cordova-launch-review/LaunchReview.m"; sourceTree = "<group>"; };
		CF59BE323B3F434FBFC09A52 /* SM_AFURLRequestSerialization.m */ = {isa = PBXFileReference; explicitFileType = undefined; fileEncoding = 4; includeInIndex = 0; lastKnownFileType = sourcecode.c.objc; name = SM_AFURLRequestSerialization.m; path = "cordova-plugin-advanced-http/SM_AFURLRequestSerialization.m"; sourceTree = "<group>"; };
		CFCF3737F7954C0DAB4C15DC /* SDNetworkActivityIndicator.h */ = {isa = PBXFileReference; explicitFileType = undefined; fileEncoding = 4; includeInIndex = 0; lastKnownFileType = sourcecode.c.h; name = SDNetworkActivityIndicator.h; path = "cordova-plugin-advanced-http/SDNetworkActivityIndicator.h"; sourceTree = "<group>"; };
		D1527DE58ECA456CB4F5835A /* UIWindow+DismissNotification.m */ = {isa = PBXFileReference; explicitFileType = undefined; fileEncoding = 4; includeInIndex = 0; lastKnownFileType = sourcecode.c.objc; name = "UIWindow+DismissNotification.m"; path = "cordova-launch-review/UIWindow+DismissNotification.m"; sourceTree = "<group>"; };
		D1546DF7754B4550BB3F9671 /* CDVNotification.m */ = {isa = PBXFileReference; explicitFileType = undefined; fileEncoding = 4; includeInIndex = 0; lastKnownFileType = sourcecode.c.objc; name = CDVNotification.m; path = "cordova-plugin-dialogs/CDVNotification.m"; sourceTree = "<group>"; };
		D1B3A9EE29CD31D2008543EE /* GoogleService-Info.plist */ = {isa = PBXFileReference; fileEncoding = 4; lastKnownFileType = text.plist.xml; name = "GoogleService-Info.plist"; path = "../../GoogleService-Info.plist"; sourceTree = "<group>"; };
		D1B3A9F129CD31E1008543EE /* GoogleService-Info.plist */ = {isa = PBXFileReference; fileEncoding = 4; lastKnownFileType = text.plist.xml; name = "GoogleService-Info.plist"; path = "../../../../GoogleService-Info.plist"; sourceTree = "<group>"; };
		D1B3A9F529CD38F6008543EE /* AdSupport.framework */ = {isa = PBXFileReference; lastKnownFileType = wrapper.framework; name = AdSupport.framework; path = System/Library/Frameworks/AdSupport.framework; sourceTree = SDKROOT; };
		D6B567D92D784437962DBEB0 /* SM_AFNetworking.h */ = {isa = PBXFileReference; explicitFileType = undefined; fileEncoding = 4; includeInIndex = 0; lastKnownFileType = sourcecode.c.h; name = SM_AFNetworking.h; path = "cordova-plugin-advanced-http/SM_AFNetworking.h"; sourceTree = "<group>"; };
		D8E9018E77974331A917813B /* UNNotificationRequest+APPLocalNotification.m */ = {isa = PBXFileReference; explicitFileType = undefined; fileEncoding = 4; includeInIndex = 0; lastKnownFileType = sourcecode.c.objc; name = "UNNotificationRequest+APPLocalNotification.m"; path = "cordova-plugin-local-notification-12/UNNotificationRequest+APPLocalNotification.m"; sourceTree = "<group>"; };
		DA0666B28AD3482196D78BE7 /* CDVInAppBrowserOptions.m */ = {isa = PBXFileReference; explicitFileType = undefined; fileEncoding = 4; includeInIndex = 0; lastKnownFileType = sourcecode.c.objc; name = CDVInAppBrowserOptions.m; path = "cordova-plugin-inappbrowser/CDVInAppBrowserOptions.m"; sourceTree = "<group>"; };
		DBD5922C28A745069B26FD1E /* CDVVibration.h */ = {isa = PBXFileReference; explicitFileType = undefined; fileEncoding = 4; includeInIndex = 0; lastKnownFileType = sourcecode.c.h; name = CDVVibration.h; path = "cordova-plugin-vibration/CDVVibration.h"; sourceTree = "<group>"; };
		DE85341AC2D149BDAA96CC0F /* AMBAppOpenAd.swift */ = {isa = PBXFileReference; explicitFileType = undefined; fileEncoding = 4; includeInIndex = 0; lastKnownFileType = sourcecode.swift; name = AMBAppOpenAd.swift; path = "admob-plus-cordova/AMBAppOpenAd.swift"; sourceTree = "<group>"; };
		DEA46E8F25EF422CAA3B9BC6 /* AMBPlugin.swift */ = {isa = PBXFileReference; explicitFileType = undefined; fileEncoding = 4; includeInIndex = 0; lastKnownFileType = sourcecode.swift; name = AMBPlugin.swift; path = "admob-plus-cordova/AMBPlugin.swift"; sourceTree = "<group>"; };
		DF3259470FB748EDBEBF59E5 /* FirebaseAnalyticsPlugin.h */ = {isa = PBXFileReference; explicitFileType = undefined; fileEncoding = 4; includeInIndex = 0; lastKnownFileType = sourcecode.c.h; name = FirebaseAnalyticsPlugin.h; path = "cordova-plugin-firebase-analytics/FirebaseAnalyticsPlugin.h"; sourceTree = "<group>"; };
		E0B060FC880A45CF89DC3B40 /* CDVConnection.h */ = {isa = PBXFileReference; explicitFileType = undefined; fileEncoding = 4; includeInIndex = 0; lastKnownFileType = sourcecode.c.h; name = CDVConnection.h; path = "cordova-plugin-network-information/CDVConnection.h"; sourceTree = "<group>"; };
		E388DA9A811649729312AE5D /* CDVNotification.h */ = {isa = PBXFileReference; explicitFileType = undefined; fileEncoding = 4; includeInIndex = 0; lastKnownFileType = sourcecode.c.h; name = CDVNotification.h; path = "cordova-plugin-dialogs/CDVNotification.h"; sourceTree = "<group>"; };
		E46B491AC333452289751B83 /* CDVFile.h */ = {isa = PBXFileReference; explicitFileType = undefined; fileEncoding = 4; includeInIndex = 0; lastKnownFileType = sourcecode.c.h; name = CDVFile.h; path = "cordova-plugin-file/CDVFile.h"; sourceTree = "<group>"; };
		E93C2E08507B447F82207794 /* APPBadge.m */ = {isa = PBXFileReference; explicitFileType = undefined; fileEncoding = 4; includeInIndex = 0; lastKnownFileType = sourcecode.c.objc; name = APPBadge.m; path = "cordova-plugin-badge-fix/APPBadge.m"; sourceTree = "<group>"; };
		EB87FDF31871DA8E0020F90C /* www */ = {isa = PBXFileReference; lastKnownFileType = folder; name = www; path = ../../www; sourceTree = "<group>"; };
		EB87FDF41871DAF40020F90C /* config.xml */ = {isa = PBXFileReference; lastKnownFileType = text.xml; name = config.xml; path = ../../config.xml; sourceTree = "<group>"; };
		EC0512ACD2F54814A0E76A90 /* AppTrackingTransparency.framework */ = {isa = PBXFileReference; explicitFileType = undefined; fileEncoding = 9; includeInIndex = 0; lastKnownFileType = wrapper.framework; name = AppTrackingTransparency.framework; path = System/Library/Frameworks/AppTrackingTransparency.framework; sourceTree = SDKROOT; };
		ED33DF2A687741AEAF9F8254 /* Bridging-Header.h */ = {isa = PBXFileReference; fileEncoding = 4; lastKnownFileType = sourcecode.c.h; path = "Bridging-Header.h"; sourceTree = "<group>"; };
		ED4F9D440AE44993B8332428 /* BinaryResponseSerializer.h */ = {isa = PBXFileReference; explicitFileType = undefined; fileEncoding = 4; includeInIndex = 0; lastKnownFileType = sourcecode.c.h; name = BinaryResponseSerializer.h; path = "cordova-plugin-advanced-http/BinaryResponseSerializer.h"; sourceTree = "<group>"; };
		EE5FC8AA1C7E484899245842 /* CDVBackgroundFetch.h */ = {isa = PBXFileReference; explicitFileType = undefined; fileEncoding = 4; includeInIndex = 0; lastKnownFileType = sourcecode.c.h; name = CDVBackgroundFetch.h; path = "cordova-plugin-background-fetch/CDVBackgroundFetch.h"; sourceTree = "<group>"; };
		EE76FD79B5C040718FAD6B13 /* CDVFile.m */ = {isa = PBXFileReference; explicitFileType = undefined; fileEncoding = 4; includeInIndex = 0; lastKnownFileType = sourcecode.c.objc; name = CDVFile.m; path = "cordova-plugin-file/CDVFile.m"; sourceTree = "<group>"; };
		EF849137A6BE425BA04D7133 /* AMBBanner.swift */ = {isa = PBXFileReference; explicitFileType = undefined; fileEncoding = 4; includeInIndex = 0; lastKnownFileType = sourcecode.swift; name = AMBBanner.swift; path = "admob-plus-cordova/AMBBanner.swift"; sourceTree = "<group>"; };
		EFFEA180388B4E82A2E8DF6E /* AMBAdBase.swift */ = {isa = PBXFileReference; explicitFileType = undefined; fileEncoding = 4; includeInIndex = 0; lastKnownFileType = sourcecode.swift; name = AMBAdBase.swift; path = "admob-plus-cordova/AMBAdBase.swift"; sourceTree = "<group>"; };
		F4D35790452949B9A71F139E /* SystemConfiguration.framework */ = {isa = PBXFileReference; explicitFileType = undefined; fileEncoding = 9; includeInIndex = 0; lastKnownFileType = wrapper.framework; name = SystemConfiguration.framework; path = System/Library/Frameworks/SystemConfiguration.framework; sourceTree = SDKROOT; };
		F6DF1B2795F94ADD8B22217A /* BinaryRequestSerializer.m */ = {isa = PBXFileReference; explicitFileType = undefined; fileEncoding = 4; includeInIndex = 0; lastKnownFileType = sourcecode.c.objc; name = BinaryRequestSerializer.m; path = "cordova-plugin-advanced-http/BinaryRequestSerializer.m"; sourceTree = "<group>"; };
		F7AD0197DAB34B06AC72FFC4 /* CDVAssetLibraryFilesystem.h */ = {isa = PBXFileReference; explicitFileType = undefined; fileEncoding = 4; includeInIndex = 0; lastKnownFileType = sourcecode.c.h; name = CDVAssetLibraryFilesystem.h; path = "cordova-plugin-file/CDVAssetLibraryFilesystem.h"; sourceTree = "<group>"; };
		F840E1F0165FE0F500CFE078 /* config.xml */ = {isa = PBXFileReference; lastKnownFileType = text.xml; name = config.xml; path = "Gemairo - Stats voor Magister/config.xml"; sourceTree = "<group>"; };
		FA03FC3837844A428D8294C2 /* TextRequestSerializer.h */ = {isa = PBXFileReference; explicitFileType = undefined; fileEncoding = 4; includeInIndex = 0; lastKnownFileType = sourcecode.c.h; name = TextRequestSerializer.h; path = "cordova-plugin-advanced-http/TextRequestSerializer.h"; sourceTree = "<group>"; };
		FA410581CD3E434888117009 /* AMBRewarded.swift */ = {isa = PBXFileReference; explicitFileType = undefined; fileEncoding = 4; includeInIndex = 0; lastKnownFileType = sourcecode.swift; name = AMBRewarded.swift; path = "admob-plus-cordova/AMBRewarded.swift"; sourceTree = "<group>"; };
		FDF386EAD0934DFF87B2EC22 /* ThemeDetection.swift */ = {isa = PBXFileReference; explicitFileType = undefined; fileEncoding = 4; includeInIndex = 0; lastKnownFileType = sourcecode.swift; name = ThemeDetection.swift; path = "cordova-plugin-theme-detection/ThemeDetection.swift"; sourceTree = "<group>"; };
		FF6CACEBC7F6435FAF8E600F /* CDVReachability.h */ = {isa = PBXFileReference; explicitFileType = undefined; fileEncoding = 4; includeInIndex = 0; lastKnownFileType = sourcecode.c.h; name = CDVReachability.h; path = "cordova-plugin-network-information/CDVReachability.h"; sourceTree = "<group>"; };
		FF896610DB374A3EB83146F7 /* SM_AFNetworkReachabilityManager.m */ = {isa = PBXFileReference; explicitFileType = undefined; fileEncoding = 4; includeInIndex = 0; lastKnownFileType = sourcecode.c.objc; name = SM_AFNetworkReachabilityManager.m; path = "cordova-plugin-advanced-http/SM_AFNetworkReachabilityManager.m"; sourceTree = "<group>"; };
		060C5407A89546E5AB118715 /* IMPTrackingFacade.swift */ = {isa = PBXFileReference; name = "IMPTrackingFacade.swift"; path = "cordova-plugin-tracking-transparency/IMPTrackingFacade.swift"; sourceTree = "<group>"; fileEncoding = 4; lastKnownFileType = sourcecode.swift; explicitFileType = undefined; includeInIndex = 0; };
		68B0D78976DC4D7DA0995C83 /* IMPTrackingManager.swift */ = {isa = PBXFileReference; name = "IMPTrackingManager.swift"; path = "cordova-plugin-tracking-transparency/IMPTrackingManager.swift"; sourceTree = "<group>"; fileEncoding = 4; lastKnownFileType = sourcecode.swift; explicitFileType = undefined; includeInIndex = 0; };
		D7EAD492778E4AD796CE6013 /* InfoTableViewCell.swift */ = {isa = PBXFileReference; name = "InfoTableViewCell.swift"; path = "cordova-plugin-tracking-transparency/InfoTableViewCell.swift"; sourceTree = "<group>"; fileEncoding = 4; lastKnownFileType = sourcecode.swift; explicitFileType = undefined; includeInIndex = 0; };
		41DC5102C0DE4A23A7958693 /* InfoViewController.swift */ = {isa = PBXFileReference; name = "InfoViewController.swift"; path = "cordova-plugin-tracking-transparency/InfoViewController.swift"; sourceTree = "<group>"; fileEncoding = 4; lastKnownFileType = sourcecode.swift; explicitFileType = undefined; includeInIndex = 0; };
		62BA1182E97B4BC7961FA9B3 /* TrackingRequestInfo.swift */ = {isa = PBXFileReference; name = "TrackingRequestInfo.swift"; path = "cordova-plugin-tracking-transparency/TrackingRequestInfo.swift"; sourceTree = "<group>"; fileEncoding = 4; lastKnownFileType = sourcecode.swift; explicitFileType = undefined; includeInIndex = 0; };
		69C5E7FC964348A99E66567A /* UIColor-Extension.swift */ = {isa = PBXFileReference; name = "UIColor-Extension.swift"; path = "cordova-plugin-tracking-transparency/UIColor-Extension.swift"; sourceTree = "<group>"; fileEncoding = 4; lastKnownFileType = sourcecode.swift; explicitFileType = undefined; includeInIndex = 0; };
		5DF7A90248504AF292A72AC8 /* InfoTableViewCell.xib */ = {isa = PBXFileReference; name = "InfoTableViewCell.xib"; path = "cordova-plugin-tracking-transparency/InfoTableViewCell.xib"; sourceTree = "<group>"; fileEncoding = undefined; lastKnownFileType = file.xib; explicitFileType = undefined; includeInIndex = 0; };
		B661E0D250CD4E20A50A8319 /* InfoViewController.xib */ = {isa = PBXFileReference; name = "InfoViewController.xib"; path = "cordova-plugin-tracking-transparency/InfoViewController.xib"; sourceTree = "<group>"; fileEncoding = undefined; lastKnownFileType = file.xib; explicitFileType = undefined; includeInIndex = 0; };
/* End PBXFileReference section */

/* Begin PBXFrameworksBuildPhase section */
		1D60588F0D05DD3D006BFB54 /* Frameworks */ = {
			isa = PBXFrameworksBuildPhase;
			buildActionMask = 2147483647;
			files = (
				301BF552109A68D80062928A /* libCordova.a in Frameworks */,
				BDE1633166F64423A6D2166A /* AppTrackingTransparency.framework in Frameworks */,
				827F32F7233C7373A48F4433 /* Pods_Gemairo___Stats_voor_Magister.framework in Frameworks */,
				9B20437A69704A6CA14E44D5 /* StoreKit.framework in Frameworks */,
				B0BF67062AB24FB2A0CD417D /* AudioToolbox.framework in Frameworks */,
				D1B3A9F729CD38F6008543EE /* AdSupport.framework in Frameworks */,
				9EFCCDE32C8343949EC6B246 /* SystemConfiguration.framework in Frameworks */,
				F0881BAD74BF4488A9D80AD7 /* CoreTelephony.framework in Frameworks */,
				AEC799B960D04E97BA33F0B2 /* UserNotifications.framework in Frameworks */,
				592FF1DB6F9B4284ACBF3EEE /* CoreLocation.framework in Frameworks */,
				F4A92C52667B458395255380 /* TSBackgroundFetch.xcframework in Frameworks */,
				74FDC7F1CEE54F7182F3B77F /* Security.framework in Frameworks */,
			);
			runOnlyForDeploymentPostprocessing = 0;
		};
/* End PBXFrameworksBuildPhase section */

/* Begin PBXGroup section */
		080E96DDFE201D6D7F000001 /* Classes */ = {
			isa = PBXGroup;
			children = (
				302D95EE14D2391D003F00A1 /* MainViewController.h */,
				302D95EF14D2391D003F00A1 /* MainViewController.m */,
				302D95F014D2391D003F00A1 /* MainViewController.xib */,
				1D3623240D0F684500981E51 /* AppDelegate.h */,
				1D3623250D0F684500981E51 /* AppDelegate.m */,
			);
			name = Classes;
			path = "Gemairo - Stats voor Magister/Classes";
			sourceTree = SOURCE_ROOT;
		};
		16837EEC30842F0AE90511A4 /* Pods */ = {
			isa = PBXGroup;
			children = (
				06F5E90BAC762F4B0A7BEC27 /* Pods-Gemairo - Stats voor Magister.debug.xcconfig */,
				46B9F180131587E7DB41359C /* Pods-Gemairo - Stats voor Magister.release.xcconfig */,
			);
			path = Pods;
			sourceTree = "<group>";
		};
		19C28FACFE9D520D11CA2CBB /* Products */ = {
			isa = PBXGroup;
			children = (
				1D6058910D05DD3D006BFB54 /* Gemairo - Stats voor Magister.app */,
			);
			name = Products;
			sourceTree = "<group>";
		};
		29B97314FDCFA39411CA2CEA /* CustomTemplate */ = {
			isa = PBXGroup;
			children = (
				D1B3A9EE29CD31D2008543EE /* GoogleService-Info.plist */,
				EB87FDF41871DAF40020F90C /* config.xml */,
				EB87FDF31871DA8E0020F90C /* www */,
				EB87FDF11871DA420020F90C /* Staging */,
				301BF52D109A57CC0062928A /* CordovaLib.xcodeproj */,
				080E96DDFE201D6D7F000001 /* Classes */,
				307C750510C5A3420062BCA9 /* Plugins */,
				29B97315FDCFA39411CA2CEA /* Other Sources */,
				29B97317FDCFA39411CA2CEA /* Resources */,
				29B97323FDCFA39411CA2CEA /* Frameworks */,
				19C28FACFE9D520D11CA2CBB /* Products */,
				16837EEC30842F0AE90511A4 /* Pods */,
			);
			name = CustomTemplate;
			sourceTree = "<group>";
		};
		29B97315FDCFA39411CA2CEA /* Other Sources */ = {
			isa = PBXGroup;
			children = (
				32CA4F630368D1EE00C91783 /* Gemairo - Stats voor Magister-Prefix.pch */,
				29B97316FDCFA39411CA2CEA /* main.m */,
				ED33DF2A687741AEAF9F8254 /* Bridging-Header.h */,
			);
			name = "Other Sources";
			path = "Gemairo - Stats voor Magister";
			sourceTree = "<group>";
		};
		29B97317FDCFA39411CA2CEA /* Resources */ = {
			isa = PBXGroup;
			children = (
				D1B3A9F129CD31E1008543EE /* GoogleService-Info.plist */,
				0207DA571B56EA530066E2B4 /* Images.xcassets */,
				3047A50E1AB8057F00498E2A /* config */,
				8D1107310486CEB800E47090 /* Gemairo - Stats voor Magister-Info.plist */,
				6AFF5BF81D6E424B00AB3073 /* CDVLaunchScreen.storyboard */,
				C52AA270F6C243A3A43FCAF6 /* CDVNotification.bundle */,
			);
			name = Resources;
			path = "Gemairo - Stats voor Magister/Resources";
			sourceTree = "<group>";
		};
		29B97323FDCFA39411CA2CEA /* Frameworks */ = {
			isa = PBXGroup;
			children = (
				D1B3A9F529CD38F6008543EE /* AdSupport.framework */,
				EC0512ACD2F54814A0E76A90 /* AppTrackingTransparency.framework */,
				A65004736ACCDA93D16B04F2 /* Pods_Gemairo___Stats_voor_Magister.framework */,
				B75376FC92914EC8AC9395F6 /* StoreKit.framework */,
				90C4B8C115EA4CA89B714BC4 /* AudioToolbox.framework */,
				F4D35790452949B9A71F139E /* SystemConfiguration.framework */,
				931BE877749846BA835C0C6D /* CoreTelephony.framework */,
				69A1F610CB9544B2BACAC7ED /* UserNotifications.framework */,
				926DDD9280A241CD9D1B847A /* CoreLocation.framework */,
				78FADF1AB8E54EB7942AE85C /* TSBackgroundFetch.xcframework */,
				93AA45A0B78C4A6A9BBDC68C /* Security.framework */,
			);
			name = Frameworks;
			sourceTree = "<group>";
		};
		301BF52E109A57CC0062928A /* Products */ = {
			isa = PBXGroup;
			children = (
				301BF535109A57CC0062928A /* libCordova.a */,
				907D8124214C687600058A10 /* Cordova.framework */,
			);
			name = Products;
			sourceTree = "<group>";
		};
		3047A50E1AB8057F00498E2A /* config */ = {
			isa = PBXGroup;
			children = (
				3047A50F1AB8059700498E2A /* build-debug.xcconfig */,
				3047A5101AB8059700498E2A /* build-release.xcconfig */,
				3047A5111AB8059700498E2A /* build.xcconfig */,
			);
			name = config;
			sourceTree = "<group>";
		};
		307C750510C5A3420062BCA9 /* Plugins */ = {
			isa = PBXGroup;
			children = (
				EFFEA180388B4E82A2E8DF6E /* AMBAdBase.swift */,
				DE85341AC2D149BDAA96CC0F /* AMBAppOpenAd.swift */,
				EF849137A6BE425BA04D7133 /* AMBBanner.swift */,
				72B7A2B98C034BF996B8B444 /* AMBContext.swift */,
				8BA4638570914E039C7AA8F9 /* AMBCore.swift */,
				8F1D6F0832ED4A648219860C /* AMBGenerated.swift */,
				5860ABA8F05B482B9BCAD356 /* AMBInterstitial.swift */,
				482D21F7ED1240F785086DED /* AMBNativeAd.swift */,
				DEA46E8F25EF422CAA3B9BC6 /* AMBPlugin.swift */,
				FA410581CD3E434888117009 /* AMBRewarded.swift */,
				79F964A299B3482EABBD72BB /* AMBRewardedInterstitial.swift */,
				CF49E1285AFE4C849F30EC34 /* LaunchReview.m */,
				D1527DE58ECA456CB4F5835A /* UIWindow+DismissNotification.m */,
				9F5B615C5C1F4E79901AA2A3 /* LaunchReview.h */,
				9196DEC4810846D08CA5CACE /* UIWindow+DismissNotification.h */,
				27152642C2BA4E849ADDCD2E /* NativeSettings.m */,
				729060246C09460E8BA3BEAF /* NativeSettings.h */,
				2E467593642A4BC3B0696605 /* AppVersion.m */,
				82BDD15997214149A2F14660 /* AppVersion.h */,
				97959515FCA742A2BAEBA706 /* AMSConsent.swift */,
				7D98B18B8E8E44A0A3E63D92 /* AMSConsent-Bridging-Header.h */,
				1D0D19391F7B400D8ED772EB /* CDVDevice.m */,
				1C74172E276544AF8075E57B /* CDVDevice.h */,
				D1546DF7754B4550BB3F9671 /* CDVNotification.m */,
				E388DA9A811649729312AE5D /* CDVNotification.h */,
				EE76FD79B5C040718FAD6B13 /* CDVFile.m */,
				78636C4BDF12418588777684 /* CDVLocalFilesystem.m */,
				674344F1876745DC841B4143 /* CDVAssetLibraryFilesystem.m */,
				E46B491AC333452289751B83 /* CDVFile.h */,
				09266FF883A7459CB6475C5B /* CDVLocalFilesystem.h */,
				F7AD0197DAB34B06AC72FFC4 /* CDVAssetLibraryFilesystem.h */,
				DA0666B28AD3482196D78BE7 /* CDVInAppBrowserOptions.m */,
				4ABA57B1D4174DE1A7613949 /* CDVInAppBrowserNavigationController.m */,
				9086B2C455D842AEBBC0F807 /* CDVWKInAppBrowser.m */,
				84DD525F7FBF43B387072B39 /* CDVWKInAppBrowserUIDelegate.m */,
				88E373F6EB3649469026DD3B /* CDVInAppBrowserOptions.h */,
				C9A84F8EC11A4A6385CCF40D /* CDVInAppBrowserNavigationController.h */,
				5C4EC84FCE7B47E09BF21887 /* CDVWKInAppBrowser.h */,
				1BB7963EED8A48CEBA2A68AC /* CDVWKInAppBrowserUIDelegate.h */,
				9B20DBEBCF2D4DE497D93453 /* Insomnia.m */,
				6F4BE40E10424F57B7A5B99C /* Insomnia.h */,
				3BB325AC85544373AE54441B /* CDVConnection.m */,
				58E41B28AA094922B40C6383 /* CDVReachability.m */,
				E0B060FC880A45CF89DC3B40 /* CDVConnection.h */,
				FF6CACEBC7F6435FAF8E600F /* CDVReachability.h */,
				A3B45E5407CD41F7B5B07AA7 /* CDVSplashScreen.m */,
				6CC0E84056E344AAB0CB9EDA /* CDVViewController+SplashScreen.m */,
				44868458328140BA944AA644 /* CDVSplashScreen.h */,
				99316CCDD3644058A65F363D /* CDVViewController+SplashScreen.h */,
				8896E1C17947487094097B83 /* CDVStatusBar.m */,
				2B510A2E5AAB4C40B96A75ED /* CDVStatusBar.h */,
				1610A048EF564B17A7D030A9 /* TapticEngine.m */,
				5F1E3C1DEB164CFA84FAC03A /* TapticEngine.h */,
				C4715022DB374DD6B3910DDC /* CDVVibration.m */,
				DBD5922C28A745069B26FD1E /* CDVVibration.h */,
				E93C2E08507B447F82207794 /* APPBadge.m */,
				6B55FB23597F489BB300F6AB /* APPBadge.h */,
				48ACB0A6B90F4AC9B3BDEBFA /* APPLocalNotification.m */,
				8119CCD1D53545AE80F00C91 /* APPNotificationCategory.m */,
				2494016939E742FDAA12D9B6 /* APPNotificationContent.m */,
				3026B0FEE3AC4BF9A839CC23 /* APPNotificationOptions.m */,
				7DB9A0D9620242CAB2BFCA13 /* UNUserNotificationCenter+APPLocalNotification.m */,
				D8E9018E77974331A917813B /* UNNotificationRequest+APPLocalNotification.m */,
				27766BA6E4F344D5B39706FE /* APPLocalNotification.h */,
				9F2DCDE18400472F943C221F /* APPNotificationCategory.h */,
				7E6E383BF13F4368989499ED /* APPNotificationContent.h */,
				BB9C4E5B97C34BD8B4A107A3 /* APPNotificationOptions.h */,
				87CA87F610284A16B5415E75 /* UNUserNotificationCenter+APPLocalNotification.h */,
				3E3AB45F19D948FFBA636D69 /* UNNotificationRequest+APPLocalNotification.h */,
				24810D92785D479585660E3C /* CDVBackgroundFetch.m */,
				EE5FC8AA1C7E484899245842 /* CDVBackgroundFetch.h */,
				FDF386EAD0934DFF87B2EC22 /* ThemeDetection.swift */,
				9E5102E06F3643F58877321E /* CDVSharedPreferences.m */,
				B31DF2D66B0741429F3D5948 /* NSUserDefaults+CDVSharedPreferences.m */,
				3B1E2E8A415F4BD084AA0D6A /* CDVSharedPreferences.h */,
				47F4D95C71FE48399B172260 /* NSUserDefaults+CDVSharedPreferences.h */,
				A413AE5300DB43C991F264F9 /* CordovaHttpPlugin.m */,
				F6DF1B2795F94ADD8B22217A /* BinaryRequestSerializer.m */,
				C5D0ED8577EE47E4B5EAC5BC /* BinaryResponseSerializer.m */,
				7843056262C6409CB1A0EE36 /* TextResponseSerializer.m */,
				3CE6263A9F3D4108B783365A /* TextRequestSerializer.m */,
				070D48937AC34A5BA4B2E2F7 /* SM_AFHTTPSessionManager.m */,
				FF896610DB374A3EB83146F7 /* SM_AFNetworkReachabilityManager.m */,
				06A7778F3770474F8FCDE40A /* SM_AFSecurityPolicy.m */,
				CF59BE323B3F434FBFC09A52 /* SM_AFURLRequestSerialization.m */,
				676774BE52D94156B12EB648 /* SM_AFURLResponseSerialization.m */,
				C3281827E120472ABB360727 /* SM_AFURLSessionManager.m */,
				4B44EE01E2AB44538AED4776 /* SDNetworkActivityIndicator.m */,
				95BA6378CDA649F5AFB23C0E /* CordovaHttpPlugin.h */,
				5A899EE6FE004871AB3C7AF4 /* BinaryRequestSerializer.h */,
				ED4F9D440AE44993B8332428 /* BinaryResponseSerializer.h */,
				0A046EABA3F5438DAB77E2AD /* TextResponseSerializer.h */,
				FA03FC3837844A428D8294C2 /* TextRequestSerializer.h */,
				C876A43539CB4FFD93769329 /* SM_AFHTTPSessionManager.h */,
				D6B567D92D784437962DBEB0 /* SM_AFNetworking.h */,
				2953CC46018D4FF986DEC265 /* SM_AFNetworkReachabilityManager.h */,
				74DAAE439BF144FDB0B127EA /* SM_AFSecurityPolicy.h */,
				321A913DFD5F4844909F0EB3 /* SM_AFURLRequestSerialization.h */,
				AEE3E6E60C8740BAB61A9720 /* SM_AFURLResponseSerialization.h */,
				8AD776220D45450EB410BBDC /* SM_AFURLSessionManager.h */,
				CFCF3737F7954C0DAB4C15DC /* SDNetworkActivityIndicator.h */,
				60FBED80A05F447E96CEBB5A /* FirebaseAnalyticsPlugin.m */,
				DF3259470FB748EDBEBF59E5 /* FirebaseAnalyticsPlugin.h */,
				060C5407A89546E5AB118715 /* IMPTrackingFacade.swift */,
				68B0D78976DC4D7DA0995C83 /* IMPTrackingManager.swift */,
				D7EAD492778E4AD796CE6013 /* InfoTableViewCell.swift */,
				41DC5102C0DE4A23A7958693 /* InfoViewController.swift */,
				62BA1182E97B4BC7961FA9B3 /* TrackingRequestInfo.swift */,
				69C5E7FC964348A99E66567A /* UIColor-Extension.swift */,
				5DF7A90248504AF292A72AC8 /* InfoTableViewCell.xib */,
				B661E0D250CD4E20A50A8319 /* InfoViewController.xib */,
			);
			name = Plugins;
			path = "Gemairo - Stats voor Magister/Plugins";
			sourceTree = SOURCE_ROOT;
		};
		EB87FDF11871DA420020F90C /* Staging */ = {
			isa = PBXGroup;
			children = (
				F840E1F0165FE0F500CFE078 /* config.xml */,
				301BF56E109A69640062928A /* www */,
			);
			name = Staging;
			sourceTree = "<group>";
		};
/* End PBXGroup section */

/* Begin PBXNativeTarget section */
		1D6058900D05DD3D006BFB54 /* Gemairo - Stats voor Magister */ = {
			isa = PBXNativeTarget;
			buildConfigurationList = 1D6058960D05DD3E006BFB54 /* Build configuration list for PBXNativeTarget "Gemairo - Stats voor Magister" */;
			buildPhases = (
				DFD1EB66D30C1AC0D8003570 /* [CP] Check Pods Manifest.lock */,
				304B58A110DAC018002A0835 /* Copy www directory */,
				1D60588D0D05DD3D006BFB54 /* Resources */,
				1D60588E0D05DD3D006BFB54 /* Sources */,
				1D60588F0D05DD3D006BFB54 /* Frameworks */,
				A0D480E33E6BDD53AE79E4CF /* [CP] Embed Pods Frameworks */,
			);
			buildRules = (
			);
			dependencies = (
				301BF551109A68C00062928A /* PBXTargetDependency */,
			);
			name = "Gemairo - Stats voor Magister";
			productName = "Gemairo - Stats voor Magister";
			productReference = 1D6058910D05DD3D006BFB54 /* Gemairo - Stats voor Magister.app */;
			productType = "com.apple.product-type.application";
		};
/* End PBXNativeTarget section */

/* Begin PBXProject section */
		29B97313FDCFA39411CA2CEA /* Project object */ = {
			isa = PBXProject;
			attributes = {
				LastUpgradeCheck = 1130;
			};
			buildConfigurationList = C01FCF4E08A954540054247B /* Build configuration list for PBXProject "Gemairo - Stats voor Magister" */;
			compatibilityVersion = "Xcode 11.0";
			developmentRegion = en;
			hasScannedForEncodings = 1;
			knownRegions = (
				en,
				Base,
			);
			mainGroup = 29B97314FDCFA39411CA2CEA /* CustomTemplate */;
			productRefGroup = 19C28FACFE9D520D11CA2CBB /* Products */;
			projectDirPath = "";
			projectReferences = (
				{
					ProductGroup = 301BF52E109A57CC0062928A /* Products */;
					ProjectRef = 301BF52D109A57CC0062928A /* CordovaLib.xcodeproj */;
				},
			);
			projectRoot = "";
			targets = (
				1D6058900D05DD3D006BFB54 /* Gemairo - Stats voor Magister */,
			);
		};
/* End PBXProject section */

/* Begin PBXReferenceProxy section */
		301BF535109A57CC0062928A /* libCordova.a */ = {
			isa = PBXReferenceProxy;
			fileType = archive.ar;
			path = libCordova.a;
			remoteRef = 301BF534109A57CC0062928A /* PBXContainerItemProxy */;
			sourceTree = BUILT_PRODUCTS_DIR;
		};
		907D8124214C687600058A10 /* Cordova.framework */ = {
			isa = PBXReferenceProxy;
			fileType = wrapper.framework;
			path = Cordova.framework;
			remoteRef = 907D8123214C687600058A10 /* PBXContainerItemProxy */;
			sourceTree = BUILT_PRODUCTS_DIR;
		};
/* End PBXReferenceProxy section */

/* Begin PBXResourcesBuildPhase section */
		1D60588D0D05DD3D006BFB54 /* Resources */ = {
			isa = PBXResourcesBuildPhase;
			buildActionMask = 2147483647;
			files = (
				302D95F214D2391D003F00A1 /* MainViewController.xib in Resources */,
				0207DA581B56EA530066E2B4 /* Images.xcassets in Resources */,
				D1B3A9F029CD31D2008543EE /* GoogleService-Info.plist in Resources */,
				6AFF5BF91D6E424B00AB3073 /* CDVLaunchScreen.storyboard in Resources */,
				7122A174EF8543BC88489D65 /* CDVNotification.bundle in Resources */,
				D1B3A9F229CD31E1008543EE /* GoogleService-Info.plist in Resources */,
			);
			runOnlyForDeploymentPostprocessing = 0;
		};
/* End PBXResourcesBuildPhase section */

/* Begin PBXShellScriptBuildPhase section */
		304B58A110DAC018002A0835 /* Copy www directory */ = {
			isa = PBXShellScriptBuildPhase;
			alwaysOutOfDate = 1;
			buildActionMask = 2147483647;
			files = (
			);
			inputPaths = (
			);
			name = "Copy www directory";
			outputPaths = (
			);
			runOnlyForDeploymentPostprocessing = 0;
			shellPath = /bin/sh;
			shellScript = "\"$SRCROOT/Gemairo - Stats voor Magister/Scripts/copy-www-build-step.sh\"\n";
			showEnvVarsInLog = 0;
		};
		A0D480E33E6BDD53AE79E4CF /* [CP] Embed Pods Frameworks */ = {
			isa = PBXShellScriptBuildPhase;
			buildActionMask = 2147483647;
			files = (
			);
			inputFileListPaths = (
				"${PODS_ROOT}/Target Support Files/Pods-Gemairo - Stats voor Magister/Pods-Gemairo - Stats voor Magister-frameworks-${CONFIGURATION}-input-files.xcfilelist",
			);
			name = "[CP] Embed Pods Frameworks";
			outputFileListPaths = (
				"${PODS_ROOT}/Target Support Files/Pods-Gemairo - Stats voor Magister/Pods-Gemairo - Stats voor Magister-frameworks-${CONFIGURATION}-output-files.xcfilelist",
			);
			runOnlyForDeploymentPostprocessing = 0;
			shellPath = /bin/sh;
			shellScript = "\"${PODS_ROOT}/Target Support Files/Pods-Gemairo - Stats voor Magister/Pods-Gemairo - Stats voor Magister-frameworks.sh\"\n";
			showEnvVarsInLog = 0;
		};
		DFD1EB66D30C1AC0D8003570 /* [CP] Check Pods Manifest.lock */ = {
			isa = PBXShellScriptBuildPhase;
			buildActionMask = 2147483647;
			files = (
			);
			inputFileListPaths = (
			);
			inputPaths = (
				"${PODS_PODFILE_DIR_PATH}/Podfile.lock",
				"${PODS_ROOT}/Manifest.lock",
			);
			name = "[CP] Check Pods Manifest.lock";
			outputFileListPaths = (
			);
			outputPaths = (
				"$(DERIVED_FILE_DIR)/Pods-Gemairo - Stats voor Magister-checkManifestLockResult.txt",
			);
			runOnlyForDeploymentPostprocessing = 0;
			shellPath = /bin/sh;
			shellScript = "diff \"${PODS_PODFILE_DIR_PATH}/Podfile.lock\" \"${PODS_ROOT}/Manifest.lock\" > /dev/null\nif [ $? != 0 ] ; then\n    # print error to STDERR\n    echo \"error: The sandbox is not in sync with the Podfile.lock. Run 'pod install' or update your CocoaPods installation.\" >&2\n    exit 1\nfi\n# This output is used by Xcode 'outputs' to avoid re-running this script phase.\necho \"SUCCESS\" > \"${SCRIPT_OUTPUT_FILE_0}\"\n";
			showEnvVarsInLog = 0;
		};
/* End PBXShellScriptBuildPhase section */

/* Begin PBXSourcesBuildPhase section */
		1D60588E0D05DD3D006BFB54 /* Sources */ = {
			isa = PBXSourcesBuildPhase;
			buildActionMask = 2147483647;
			files = (
				1D60589B0D05DD56006BFB54 /* main.m in Sources */,
				1D3623260D0F684500981E51 /* AppDelegate.m in Sources */,
				302D95F114D2391D003F00A1 /* MainViewController.m in Sources */,
				AB3E2561A6AC4CC1A9DD1EB4 /* AMBAdBase.swift in Sources */,
				764171D53F80403EA9D602E8 /* AMBAppOpenAd.swift in Sources */,
				0BDACC2C985048F8B3FE3AEF /* AMBBanner.swift in Sources */,
				D750239B3C37494B96EEC9DC /* AMBContext.swift in Sources */,
				AD2CD3BC5AC74B96989B2519 /* AMBCore.swift in Sources */,
				7A6FADE4451E47ABB7B0071A /* AMBGenerated.swift in Sources */,
				9968BCAACAE449D4BB503F1D /* AMBInterstitial.swift in Sources */,
				B6C2A67EB07E473BB5BC08F9 /* AMBNativeAd.swift in Sources */,
				5BD9D08BC13F4AE69003AB5D /* AMBPlugin.swift in Sources */,
				EBD2487829FE40A2A6D3A268 /* AMBRewarded.swift in Sources */,
				56BAFCAA978E4932BD3AC3B1 /* AMBRewardedInterstitial.swift in Sources */,
				F3EFF7DE94CB4464BA6A0DEA /* LaunchReview.m in Sources */,
				DADA346488F647DCBA2BC04B /* UIWindow+DismissNotification.m in Sources */,
				FCB5A1346A6A47A68EC4991F /* NativeSettings.m in Sources */,
				36368545BE00400D899DEDF5 /* AppVersion.m in Sources */,
				7228EBBF071344AE95F0EC60 /* AMSConsent.swift in Sources */,
				5DFA186F7E4240F59EDE5348 /* CDVDevice.m in Sources */,
				1DBEA54974B24EEF92B70F9D /* CDVNotification.m in Sources */,
				E4423A3E8C4440508DD70BD0 /* CDVFile.m in Sources */,
				910EFFBD5AA142A3812FF963 /* CDVLocalFilesystem.m in Sources */,
				4841EAA79E354B4E8F67F371 /* CDVAssetLibraryFilesystem.m in Sources */,
				9F128913DA42446BA23639CC /* CDVInAppBrowserOptions.m in Sources */,
				D97FE12F721549FAACEB275F /* CDVInAppBrowserNavigationController.m in Sources */,
				F1B592F7D5B34F428BC017A1 /* CDVWKInAppBrowser.m in Sources */,
				83248ECBAB864E5BB8912225 /* CDVWKInAppBrowserUIDelegate.m in Sources */,
				9377A244C4F34C209A2400B9 /* Insomnia.m in Sources */,
				B626E3A3E22F48D5B921C21D /* CDVConnection.m in Sources */,
				5FD06437DEF940159E2BA9F3 /* CDVReachability.m in Sources */,
				7DF5931609704E05824DEAAF /* CDVSplashScreen.m in Sources */,
				F0B57FC6A834439E86598633 /* CDVViewController+SplashScreen.m in Sources */,
				99B14F2A395244A181DC3441 /* CDVStatusBar.m in Sources */,
				7148AC13CE0845D7B3AC63BA /* TapticEngine.m in Sources */,
				D6537921B1814430946EA89B /* CDVVibration.m in Sources */,
				5C1AA58F77A842A9AD638504 /* APPBadge.m in Sources */,
				5EEFAFF4772041F6883D647C /* APPLocalNotification.m in Sources */,
				A26E02D54E134F059B9FC175 /* APPNotificationCategory.m in Sources */,
				829861975561432A9E40FCFF /* APPNotificationContent.m in Sources */,
				A087E1F51094416EA23FB0EB /* APPNotificationOptions.m in Sources */,
				F888688171624DD9AF313679 /* UNUserNotificationCenter+APPLocalNotification.m in Sources */,
				F7453611E16945308F07624C /* UNNotificationRequest+APPLocalNotification.m in Sources */,
				A732AAE78F6F4AFE80A14608 /* CDVBackgroundFetch.m in Sources */,
				FCB2A7F665C04870BA552550 /* ThemeDetection.swift in Sources */,
				702C0328634E46AE804E354B /* CDVSharedPreferences.m in Sources */,
				2D73A90C88424678B018E857 /* NSUserDefaults+CDVSharedPreferences.m in Sources */,
				2AE2559996DA46B5A29DC9A1 /* CordovaHttpPlugin.m in Sources */,
				F40548FED58D4C6FADEE94E1 /* BinaryRequestSerializer.m in Sources */,
				85A52932A97648EDB02CDF81 /* BinaryResponseSerializer.m in Sources */,
				8614EBA6EBE44EFCA265FDAD /* TextResponseSerializer.m in Sources */,
				C22E2F5065E74AC8849E0EED /* TextRequestSerializer.m in Sources */,
				21033A7FF9F944BE9DA24DEA /* SM_AFHTTPSessionManager.m in Sources */,
				9C60EB1E658A482083CFAAD3 /* SM_AFNetworkReachabilityManager.m in Sources */,
				495DEDA227634BA1881971D4 /* SM_AFSecurityPolicy.m in Sources */,
				9757B7F87C7A4898B40EF097 /* SM_AFURLRequestSerialization.m in Sources */,
				F2E826A416374750A3F2DE8D /* SM_AFURLResponseSerialization.m in Sources */,
				3603977371944E7AB5FFF56F /* SM_AFURLSessionManager.m in Sources */,
				6A9C2A2502F2434E975FDE81 /* SDNetworkActivityIndicator.m in Sources */,
				D37FD618E1544FCE9DC8DB48 /* FirebaseAnalyticsPlugin.m in Sources */,
				3493DB0482A240979A571F06 /* IMPTrackingFacade.swift in Sources */,
				5C7D571ED0DB494EB5EF4086 /* IMPTrackingManager.swift in Sources */,
				5F6EE78C2E8445B987F5E47A /* InfoTableViewCell.swift in Sources */,
				97891DACA6444308B1556453 /* InfoViewController.swift in Sources */,
				FAA079BAAFF14BCEA144029A /* TrackingRequestInfo.swift in Sources */,
				C068C423CD86462DACA38E96 /* UIColor-Extension.swift in Sources */,
				53A4BC9380924448810F3F87 /* InfoTableViewCell.xib in Resources */,
				A47CBF1BA98F42368333C3BC /* InfoViewController.xib in Resources */,
			);
			runOnlyForDeploymentPostprocessing = 0;
		};
/* End PBXSourcesBuildPhase section */

/* Begin PBXTargetDependency section */
		301BF551109A68C00062928A /* PBXTargetDependency */ = {
			isa = PBXTargetDependency;
			name = CordovaLib;
			targetProxy = 301BF550109A68C00062928A /* PBXContainerItemProxy */;
		};
/* End PBXTargetDependency section */

/* Begin XCBuildConfiguration section */
		1D6058940D05DD3E006BFB54 /* Debug */ = {
			isa = XCBuildConfiguration;
			baseConfigurationReference = 3047A50F1AB8059700498E2A /* build-debug.xcconfig */;
			buildSettings = {
				ALWAYS_EMBED_SWIFT_STANDARD_LIBRARIES = YES;
				ALWAYS_SEARCH_USER_PATHS = NO;
				ASSETCATALOG_COMPILER_APPICON_NAME = AppIcon;
				CLANG_ENABLE_MODULES = YES;
				CLANG_ENABLE_OBJC_ARC = YES;
				COPY_PHASE_STRIP = NO;
				DEVELOPMENT_TEAM = FCB4S3W235;
				FRAMEWORK_SEARCH_PATHS = (
					"$(inherited)",
					"\"Gemairo - Stats voor Magister/Plugins/cordova-plugin-background-fetch\"",
				);
				GCC_DYNAMIC_NO_PIC = NO;
				GCC_OPTIMIZATION_LEVEL = 0;
				GCC_PRECOMPILE_PREFIX_HEADER = YES;
				GCC_PREFIX_HEADER = "Gemairo - Stats voor Magister/Gemairo - Stats voor Magister-Prefix.pch";
				GCC_THUMB_SUPPORT = NO;
				GCC_VERSION = "";
				INFOPLIST_FILE = "Gemairo - Stats voor Magister/Gemairo - Stats voor Magister-Info.plist";
				INFOPLIST_KEY_CFBundleDisplayName = Gemairo;
				INFOPLIST_KEY_LSApplicationCategoryType = "public.app-category.education";
				IPHONEOS_DEPLOYMENT_TARGET = 12.0;
				LD_RUNPATH_SEARCH_PATHS = "@executable_path/Frameworks";
				PRODUCT_BUNDLE_IDENTIFIER = app.netlob.magiscore;
				PRODUCT_NAME = "$(TARGET_NAME)";
				SWIFT_OBJC_BRIDGING_HEADER = "$(PROJECT_DIR)/$(PROJECT_NAME)/Bridging-Header.h";
				SWIFT_OPTIMIZATION_LEVEL = "-Onone";
				SWIFT_VERSION = 5.3;
				TARGETED_DEVICE_FAMILY = "1,2";
				VALIDATE_WORKSPACE = NO;
			};
			name = Debug;
		};
		1D6058950D05DD3E006BFB54 /* Release */ = {
			isa = XCBuildConfiguration;
			baseConfigurationReference = 3047A5101AB8059700498E2A /* build-release.xcconfig */;
			buildSettings = {
				ALWAYS_EMBED_SWIFT_STANDARD_LIBRARIES = YES;
				ALWAYS_SEARCH_USER_PATHS = NO;
				ASSETCATALOG_COMPILER_APPICON_NAME = AppIcon;
				CLANG_ENABLE_MODULES = YES;
				CLANG_ENABLE_OBJC_ARC = YES;
				CODE_SIGN_IDENTITY = "Apple Development";
				CODE_SIGN_STYLE = Automatic;
				COPY_PHASE_STRIP = YES;
				DEVELOPMENT_TEAM = FCB4S3W235;
				FRAMEWORK_SEARCH_PATHS = (
					"$(inherited)",
					"\"Gemairo - Stats voor Magister/Plugins/cordova-plugin-background-fetch\"",
				);
				GCC_PRECOMPILE_PREFIX_HEADER = YES;
				GCC_PREFIX_HEADER = "Gemairo - Stats voor Magister/Gemairo - Stats voor Magister-Prefix.pch";
				GCC_THUMB_SUPPORT = NO;
				GCC_VERSION = "";
				INFOPLIST_FILE = "Gemairo - Stats voor Magister/Gemairo - Stats voor Magister-Info.plist";
				INFOPLIST_KEY_CFBundleDisplayName = Gemairo;
				INFOPLIST_KEY_LSApplicationCategoryType = "public.app-category.education";
				IPHONEOS_DEPLOYMENT_TARGET = 12.0;
				LD_RUNPATH_SEARCH_PATHS = "@executable_path/Frameworks";
				PRODUCT_BUNDLE_IDENTIFIER = app.netlob.magiscore;
				PRODUCT_NAME = "$(TARGET_NAME)";
				PROVISIONING_PROFILE_SPECIFIER = "";
				SWIFT_OBJC_BRIDGING_HEADER = "$(PROJECT_DIR)/$(PROJECT_NAME)/Bridging-Header.h";
				SWIFT_VERSION = 5.3;
				TARGETED_DEVICE_FAMILY = "1,2";
				VALIDATE_WORKSPACE = NO;
			};
			name = Release;
		};
		C01FCF4F08A954540054247B /* Debug */ = {
			isa = XCBuildConfiguration;
			baseConfigurationReference = 3047A5111AB8059700498E2A /* build.xcconfig */;
			buildSettings = {
				ALWAYS_EMBED_SWIFT_STANDARD_LIBRARIES = YES;
				CLANG_ANALYZER_LOCALIZABILITY_NONLOCALIZED = YES;
				CLANG_ENABLE_MODULES = YES;
				CLANG_ENABLE_OBJC_ARC = YES;
				CLANG_WARN_BLOCK_CAPTURE_AUTORELEASING = YES;
				CLANG_WARN_BOOL_CONVERSION = YES;
				CLANG_WARN_COMMA = YES;
				CLANG_WARN_CONSTANT_CONVERSION = YES;
				CLANG_WARN_DEPRECATED_OBJC_IMPLEMENTATIONS = YES;
				CLANG_WARN_EMPTY_BODY = YES;
				CLANG_WARN_ENUM_CONVERSION = YES;
				CLANG_WARN_INFINITE_RECURSION = YES;
				CLANG_WARN_INT_CONVERSION = YES;
				CLANG_WARN_NON_LITERAL_NULL_CONVERSION = YES;
				CLANG_WARN_OBJC_IMPLICIT_RETAIN_SELF = YES;
				CLANG_WARN_OBJC_LITERAL_CONVERSION = YES;
				CLANG_WARN_RANGE_LOOP_ANALYSIS = YES;
				CLANG_WARN_STRICT_PROTOTYPES = YES;
				CLANG_WARN_SUSPICIOUS_MOVE = YES;
				CLANG_WARN_UNREACHABLE_CODE = YES;
				CLANG_WARN__DUPLICATE_METHOD_MATCH = YES;
				ENABLE_STRICT_OBJC_MSGSEND = YES;
				ENABLE_TESTABILITY = YES;
				GCC_C_LANGUAGE_STANDARD = c99;
				GCC_NO_COMMON_BLOCKS = YES;
				GCC_THUMB_SUPPORT = NO;
				GCC_VERSION = "";
				GCC_WARN_64_TO_32_BIT_CONVERSION = YES;
				GCC_WARN_ABOUT_RETURN_TYPE = YES;
				GCC_WARN_UNDECLARED_SELECTOR = YES;
				GCC_WARN_UNINITIALIZED_AUTOS = YES;
				GCC_WARN_UNUSED_FUNCTION = YES;
				GCC_WARN_UNUSED_VARIABLE = YES;
				IPHONEOS_DEPLOYMENT_TARGET = 12.0;
				ONLY_ACTIVE_ARCH = YES;
				SDKROOT = iphoneos;
				SKIP_INSTALL = NO;
				SWIFT_OBJC_BRIDGING_HEADER = "$(PROJECT_DIR)/$(PROJECT_NAME)/Bridging-Header.h";
				SWIFT_OPTIMIZATION_LEVEL = "-Onone";
				SWIFT_VERSION = 5.3;
				WK_WEB_VIEW_ONLY = 1;
			};
			name = Debug;
		};
		C01FCF5008A954540054247B /* Release */ = {
			isa = XCBuildConfiguration;
			baseConfigurationReference = 3047A5111AB8059700498E2A /* build.xcconfig */;
			buildSettings = {
				ALWAYS_EMBED_SWIFT_STANDARD_LIBRARIES = YES;
				CLANG_ANALYZER_LOCALIZABILITY_NONLOCALIZED = YES;
				CLANG_ENABLE_MODULES = YES;
				CLANG_ENABLE_OBJC_ARC = YES;
				CLANG_WARN_BLOCK_CAPTURE_AUTORELEASING = YES;
				CLANG_WARN_BOOL_CONVERSION = YES;
				CLANG_WARN_COMMA = YES;
				CLANG_WARN_CONSTANT_CONVERSION = YES;
				CLANG_WARN_DEPRECATED_OBJC_IMPLEMENTATIONS = YES;
				CLANG_WARN_EMPTY_BODY = YES;
				CLANG_WARN_ENUM_CONVERSION = YES;
				CLANG_WARN_INFINITE_RECURSION = YES;
				CLANG_WARN_INT_CONVERSION = YES;
				CLANG_WARN_NON_LITERAL_NULL_CONVERSION = YES;
				CLANG_WARN_OBJC_IMPLICIT_RETAIN_SELF = YES;
				CLANG_WARN_OBJC_LITERAL_CONVERSION = YES;
				CLANG_WARN_RANGE_LOOP_ANALYSIS = YES;
				CLANG_WARN_STRICT_PROTOTYPES = YES;
				CLANG_WARN_SUSPICIOUS_MOVE = YES;
				CLANG_WARN_UNREACHABLE_CODE = YES;
				CLANG_WARN__DUPLICATE_METHOD_MATCH = YES;
				ENABLE_STRICT_OBJC_MSGSEND = YES;
				GCC_C_LANGUAGE_STANDARD = c99;
				GCC_NO_COMMON_BLOCKS = YES;
				GCC_THUMB_SUPPORT = NO;
				GCC_VERSION = "";
				GCC_WARN_64_TO_32_BIT_CONVERSION = YES;
				GCC_WARN_ABOUT_RETURN_TYPE = YES;
				GCC_WARN_UNDECLARED_SELECTOR = YES;
				GCC_WARN_UNINITIALIZED_AUTOS = YES;
				GCC_WARN_UNUSED_FUNCTION = YES;
				GCC_WARN_UNUSED_VARIABLE = YES;
				IPHONEOS_DEPLOYMENT_TARGET = 12.0;
				SDKROOT = iphoneos;
				SKIP_INSTALL = NO;
				SWIFT_OBJC_BRIDGING_HEADER = "$(PROJECT_DIR)/$(PROJECT_NAME)/Bridging-Header.h";
				SWIFT_VERSION = 5.3;
				WK_WEB_VIEW_ONLY = 1;
			};
			name = Release;
		};
/* End XCBuildConfiguration section */

/* Begin XCConfigurationList section */
		1D6058960D05DD3E006BFB54 /* Build configuration list for PBXNativeTarget "Gemairo - Stats voor Magister" */ = {
			isa = XCConfigurationList;
			buildConfigurations = (
				1D6058940D05DD3E006BFB54 /* Debug */,
				1D6058950D05DD3E006BFB54 /* Release */,
			);
			defaultConfigurationIsVisible = 0;
			defaultConfigurationName = Release;
		};
		C01FCF4E08A954540054247B /* Build configuration list for PBXProject "Gemairo - Stats voor Magister" */ = {
			isa = XCConfigurationList;
			buildConfigurations = (
				C01FCF4F08A954540054247B /* Debug */,
				C01FCF5008A954540054247B /* Release */,
			);
			defaultConfigurationIsVisible = 0;
			defaultConfigurationName = Release;
		};
/* End XCConfigurationList section */
	};
	rootObject = 29B97313FDCFA39411CA2CEA /* Project object */;
}
