// !$*UTF8*$!
{
	archiveVersion = 1;
	classes = {
	};
	objectVersion = 52;
	objects = {

/* Begin PBXBuildFile section */
		0207DA581B56EA530066E2B4 /* Images.xcassets in Resources */ = {isa = PBXBuildFile; fileRef = 0207DA571B56EA530066E2B4 /* Images.xcassets */; };
		1D3623260D0F684500981E51 /* AppDelegate.m in Sources */ = {isa = PBXBuildFile; fileRef = 1D3623250D0F684500981E51 /* AppDelegate.m */; };
		1D60589B0D05DD56006BFB54 /* main.m in Sources */ = {isa = PBXBuildFile; fileRef = 29B97316FDCFA39411CA2CEA /* main.m */; };
		301BF552109A68D80062928A /* libCordova.a in Frameworks */ = {isa = PBXBuildFile; fileRef = 301BF535109A57CC0062928A /* libCordova.a */; settings = {ATTRIBUTES = (Required, ); }; };
		302D95F114D2391D003F00A1 /* MainViewController.m in Sources */ = {isa = PBXBuildFile; fileRef = 302D95EF14D2391D003F00A1 /* MainViewController.m */; };
		302D95F214D2391D003F00A1 /* MainViewController.xib in Resources */ = {isa = PBXBuildFile; fileRef = 302D95F014D2391D003F00A1 /* MainViewController.xib */; };
		3906FF41921047F599976E80 /* AMSPlugin.swift in Sources */ = {isa = PBXBuildFile; fileRef = 830F8D86F2B64F7496608D27 /* AMSPlugin.swift */; };
		40211377EBE74052BF1508A8 /* AMSRewardVideo.swift in Sources */ = {isa = PBXBuildFile; fileRef = 20F432B50CCD40A599C21BD7 /* AMSRewardVideo.swift */; };
		6AFF5BF91D6E424B00AB3073 /* CDVLaunchScreen.storyboard in Resources */ = {isa = PBXBuildFile; fileRef = 6AFF5BF81D6E424B00AB3073 /* CDVLaunchScreen.storyboard */; };
		7F2E328C80EF4672A6C087EC /* AMSConstants.swift in Sources */ = {isa = PBXBuildFile; fileRef = E5353DFCFBA84AFFA5206D0C /* AMSConstants.swift */; };
		92510134C5E2C60A6A7E8F4A /* Pods_Gemairo___Magister_statistiek.framework in Frameworks */ = {isa = PBXBuildFile; fileRef = C5E8E1D9958B516A0FD3394A /* Pods_Gemairo___Magister_statistiek.framework */; };
		A7AF487ED03B4240B308580F /* AMSInterstitial.swift in Sources */ = {isa = PBXBuildFile; fileRef = AB4412264F274B0CBE9B9EE5 /* AMSInterstitial.swift */; };
		D4543DCCD8104B42AD452A10 /* AMSAdBase.swift in Sources */ = {isa = PBXBuildFile; fileRef = 63ECFC5502184130B0A262E4 /* AMSAdBase.swift */; };
		D8415E1FD71F4E42B521C7FA /* AMSBanner.swift in Sources */ = {isa = PBXBuildFile; fileRef = 34FAEDA690A64E2EB3F83E29 /* AMSBanner.swift */; };
		0396721731174158B689C0E0 /* LaunchReview.m in Sources */ = {isa = PBXBuildFile; fileRef = 5CDF0CBC685942DE8BB9681C /* LaunchReview.m */; };
		A1BDA3F15D83414BB726C360 /* UIWindow+DismissNotification.m in Sources */ = {isa = PBXBuildFile; fileRef = 48D6E87B5B0649FDA21604F3 /* UIWindow+DismissNotification.m */; };
		2D8953AB2BB84E99836C29C6 /* StoreKit.framework in Frameworks */ = {isa = PBXBuildFile; fileRef = DE92B4CBD27340539145C56E /* StoreKit.framework */; };
		24BEEC9E56AD4095892A5F24 /* NativeSettings.m in Sources */ = {isa = PBXBuildFile; fileRef = B05DED5C904147C69FA221C5 /* NativeSettings.m */; };
		6DE8AA82142A4E5681D061B2 /* AppVersion.m in Sources */ = {isa = PBXBuildFile; fileRef = AE9DD23518BA4208A1F94CB6 /* AppVersion.m */; };
		D5BF93BE98EB42588B9E2FC3 /* AMSConsent.swift in Sources */ = {isa = PBXBuildFile; fileRef = DCBD5FF4181D4C719C65FFE5 /* AMSConsent.swift */; };
		ECB8514395804B08A2B8611C /* CDVDevice.m in Sources */ = {isa = PBXBuildFile; fileRef = 5D6DCC50112C44A9B5B2C4A2 /* CDVDevice.m */; };
		B3221C8C623C409A8BB49B1C /* CDVNotification.m in Sources */ = {isa = PBXBuildFile; fileRef = DE18BF3E5B4E43F88A234F77 /* CDVNotification.m */; };
		E049A050E9454AA5BFCCF6A9 /* CDVNotification.bundle in Resources */ = {isa = PBXBuildFile; fileRef = 28523F135FC94F8F8A9290C4 /* CDVNotification.bundle */; };
		C6F75D0FFD8941CEA28CE3A4 /* AudioToolbox.framework in Frameworks */ = {isa = PBXBuildFile; fileRef = B1BA0A43571741AFB8C26498 /* AudioToolbox.framework */; settings = {ATTRIBUTES = (Weak, ); }; };
		F7777B0C217743BC955ACC38 /* CDVInAppBrowserOptions.m in Sources */ = {isa = PBXBuildFile; fileRef = 84B9B45500544579AE54FFC1 /* CDVInAppBrowserOptions.m */; };
		AAA3E02805E845FAACE10DAE /* CDVInAppBrowserNavigationController.m in Sources */ = {isa = PBXBuildFile; fileRef = C249AA64E6274A019C5FA704 /* CDVInAppBrowserNavigationController.m */; };
		31AF899C4356468196C4948F /* CDVWKInAppBrowser.m in Sources */ = {isa = PBXBuildFile; fileRef = 750498A6CC18406AA352F2F1 /* CDVWKInAppBrowser.m */; };
		972884A042FD41B08BEAD437 /* CDVWKInAppBrowserUIDelegate.m in Sources */ = {isa = PBXBuildFile; fileRef = C13C2E32F9A44633B2D58C22 /* CDVWKInAppBrowserUIDelegate.m */; };
		61A5DF2118FE458BB4C8C5F7 /* Insomnia.m in Sources */ = {isa = PBXBuildFile; fileRef = 75631FB640E24130AC44BB0D /* Insomnia.m */; };
		203DF9C80E734FFC863EF77C /* CDVConnection.m in Sources */ = {isa = PBXBuildFile; fileRef = CDC9AC7FE25F4BD0A6EACE04 /* CDVConnection.m */; };
		17918CBECAD0411FAE89D926 /* CDVReachability.m in Sources */ = {isa = PBXBuildFile; fileRef = 9C9081E808054C56B94724D0 /* CDVReachability.m */; };
		62DB87D1E97340C187901A55 /* SystemConfiguration.framework in Frameworks */ = {isa = PBXBuildFile; fileRef = 8D9B9F5FD1354E388D27EB11 /* SystemConfiguration.framework */; settings = {ATTRIBUTES = (Weak, ); }; };
		0882DA3887F0474AA632E319 /* CoreTelephony.framework in Frameworks */ = {isa = PBXBuildFile; fileRef = C91BF71971FA44E0A68CC2FF /* CoreTelephony.framework */; };
		2E38AC6D83774E9DACA6B269 /* InAppPurchase.m in Sources */ = {isa = PBXBuildFile; fileRef = 2AF4664CC1D04607B46E2D97 /* InAppPurchase.m */; };
		FFEED250C3B549F6967F8C6E /* SKProduct+LocalizedPrice.m in Sources */ = {isa = PBXBuildFile; fileRef = 29DDA86FA8044CF3A8C9ED29 /* SKProduct+LocalizedPrice.m */; };
		4A6798CB95D745C09D91C2A6 /* SKProductDiscount+LocalizedPrice.m in Sources */ = {isa = PBXBuildFile; fileRef = D94028C928424331A3E9BB50 /* SKProductDiscount+LocalizedPrice.m */; };
		32BC4B16AD374C04A7FFABF3 /* FileUtility.m in Sources */ = {isa = PBXBuildFile; fileRef = 955D9D75C20A477EA465F9BA /* FileUtility.m */; };
		192C6453B15F4646AF349AC4 /* CDVSplashScreen.m in Sources */ = {isa = PBXBuildFile; fileRef = 18AA86BFFDA6456F92327AFF /* CDVSplashScreen.m */; };
		FE8AD661E6014BD0B03602B5 /* CDVViewController+SplashScreen.m in Sources */ = {isa = PBXBuildFile; fileRef = EA8FAB609B9543D09809AA95 /* CDVViewController+SplashScreen.m */; };
		7C6A9D0BB84C47DDB6718184 /* CDVStatusBar.m in Sources */ = {isa = PBXBuildFile; fileRef = 15B63751233C4C7984155CA6 /* CDVStatusBar.m */; };
		02A1F4DBC0204FB6BAF383B3 /* TapticEngine.m in Sources */ = {isa = PBXBuildFile; fileRef = D5F45C0B963D481886DC27A3 /* TapticEngine.m */; };
		7C03CC5CE51640D997EBC296 /* CDVVibration.m in Sources */ = {isa = PBXBuildFile; fileRef = 3BEDEBD668F64207B0DAFEC2 /* CDVVibration.m */; };
		2A022462BC104B22A3C3DD01 /* CDVWKWebViewEngine.m in Sources */ = {isa = PBXBuildFile; fileRef = 828283CEB5FF4555B1AFF640 /* CDVWKWebViewEngine.m */; };
		65AAFEAEA9714991AD2FA192 /* CDVWKWebViewUIDelegate.m in Sources */ = {isa = PBXBuildFile; fileRef = 92E3496A7BC045CF9EEFFBDC /* CDVWKWebViewUIDelegate.m */; };
		E446F6D4F36F4E609D0D14AF /* CDVWKProcessPoolFactory.m in Sources */ = {isa = PBXBuildFile; fileRef = 2B03E187F4CC4F65AEBA2776 /* CDVWKProcessPoolFactory.m */; };
		22A6C943A0C54FCBB39828AA /* WebKit.framework in Frameworks */ = {isa = PBXBuildFile; fileRef = BF67E1F6479E431BB1EC1E40 /* WebKit.framework */; settings = {ATTRIBUTES = (Weak, ); }; };
/* End PBXBuildFile section */

/* Begin PBXContainerItemProxy section */
		301BF534109A57CC0062928A /* PBXContainerItemProxy */ = {
			isa = PBXContainerItemProxy;
			containerPortal = 301BF52D109A57CC0062928A /* CordovaLib.xcodeproj */;
			proxyType = 2;
			remoteGlobalIDString = D2AAC07E0554694100DB518D;
			remoteInfo = CordovaLib;
		};
		301BF550109A68C00062928A /* PBXContainerItemProxy */ = {
			isa = PBXContainerItemProxy;
			containerPortal = 301BF52D109A57CC0062928A /* CordovaLib.xcodeproj */;
			proxyType = 1;
			remoteGlobalIDString = D2AAC07D0554694100DB518D;
			remoteInfo = CordovaLib;
		};
		907D8123214C687600058A10 /* PBXContainerItemProxy */ = {
			isa = PBXContainerItemProxy;
			containerPortal = 301BF52D109A57CC0062928A /* CordovaLib.xcodeproj */;
			proxyType = 2;
			remoteGlobalIDString = C0C01EB21E3911D50056E6CB;
			remoteInfo = Cordova;
		};
/* End PBXContainerItemProxy section */

/* Begin PBXFileReference section */
		0207DA571B56EA530066E2B4 /* Images.xcassets */ = {isa = PBXFileReference; lastKnownFileType = folder.assetcatalog; name = Images.xcassets; path = "Gemairo - Magister statistiek/Images.xcassets"; sourceTree = SOURCE_ROOT; };
		1D3623240D0F684500981E51 /* AppDelegate.h */ = {isa = PBXFileReference; fileEncoding = 4; lastKnownFileType = sourcecode.c.h; path = AppDelegate.h; sourceTree = "<group>"; };
		1D3623250D0F684500981E51 /* AppDelegate.m */ = {isa = PBXFileReference; fileEncoding = 4; lastKnownFileType = sourcecode.c.objc; path = AppDelegate.m; sourceTree = "<group>"; };
		1D6058910D05DD3D006BFB54 /* Gemairo - Magister statistiek.app */ = {isa = PBXFileReference; explicitFileType = wrapper.application; includeInIndex = 0; path = "Gemairo - Magister statistiek.app"; sourceTree = BUILT_PRODUCTS_DIR; };
		20F432B50CCD40A599C21BD7 /* AMSRewardVideo.swift */ = {isa = PBXFileReference; explicitFileType = undefined; fileEncoding = 4; includeInIndex = 0; lastKnownFileType = sourcecode.swift; name = AMSRewardVideo.swift; path = "cordova-admob-plus/AMSRewardVideo.swift"; sourceTree = "<group>"; };
		29B97316FDCFA39411CA2CEA /* main.m */ = {isa = PBXFileReference; fileEncoding = 4; lastKnownFileType = sourcecode.c.objc; path = main.m; sourceTree = "<group>"; };
		301BF52D109A57CC0062928A /* CordovaLib.xcodeproj */ = {isa = PBXFileReference; lastKnownFileType = "wrapper.pb-project"; name = CordovaLib.xcodeproj; path = CordovaLib/CordovaLib.xcodeproj; sourceTree = "<group>"; };
		301BF56E109A69640062928A /* www */ = {isa = PBXFileReference; lastKnownFileType = folder; path = www; sourceTree = SOURCE_ROOT; };
		302D95EE14D2391D003F00A1 /* MainViewController.h */ = {isa = PBXFileReference; fileEncoding = 4; lastKnownFileType = sourcecode.c.h; path = MainViewController.h; sourceTree = "<group>"; };
		302D95EF14D2391D003F00A1 /* MainViewController.m */ = {isa = PBXFileReference; fileEncoding = 4; lastKnownFileType = sourcecode.c.objc; path = MainViewController.m; sourceTree = "<group>"; };
		302D95F014D2391D003F00A1 /* MainViewController.xib */ = {isa = PBXFileReference; fileEncoding = 4; lastKnownFileType = file.xib; path = MainViewController.xib; sourceTree = "<group>"; };
		3047A50F1AB8059700498E2A /* build-debug.xcconfig */ = {isa = PBXFileReference; fileEncoding = 4; lastKnownFileType = text.xcconfig; name = "build-debug.xcconfig"; path = "cordova/build-debug.xcconfig"; sourceTree = SOURCE_ROOT; };
		3047A5101AB8059700498E2A /* build-release.xcconfig */ = {isa = PBXFileReference; fileEncoding = 4; lastKnownFileType = text.xcconfig; name = "build-release.xcconfig"; path = "cordova/build-release.xcconfig"; sourceTree = SOURCE_ROOT; };
		3047A5111AB8059700498E2A /* build.xcconfig */ = {isa = PBXFileReference; fileEncoding = 4; lastKnownFileType = text.xcconfig; name = build.xcconfig; path = cordova/build.xcconfig; sourceTree = SOURCE_ROOT; };
		32CA4F630368D1EE00C91783 /* Gemairo - Magister statistiek-Prefix.pch */ = {isa = PBXFileReference; fileEncoding = 4; lastKnownFileType = sourcecode.c.h; path = "Gemairo - Magister statistiek-Prefix.pch"; sourceTree = "<group>"; };
		34FAEDA690A64E2EB3F83E29 /* AMSBanner.swift */ = {isa = PBXFileReference; explicitFileType = undefined; fileEncoding = 4; includeInIndex = 0; lastKnownFileType = sourcecode.swift; name = AMSBanner.swift; path = "cordova-admob-plus/AMSBanner.swift"; sourceTree = "<group>"; };
		371D7285A41F6071ECF03CFE /* Pods-Gemairo - Magister statistiek.debug.xcconfig */ = {isa = PBXFileReference; includeInIndex = 1; lastKnownFileType = text.xcconfig; name = "Pods-Gemairo - Magister statistiek.debug.xcconfig"; path = "Target Support Files/Pods-Gemairo - Magister statistiek/Pods-Gemairo - Magister statistiek.debug.xcconfig"; sourceTree = "<group>"; };
		50530F2F48D38ED8C73C9978 /* Pods-Gemairo - Magister statistiek.release.xcconfig */ = {isa = PBXFileReference; includeInIndex = 1; lastKnownFileType = text.xcconfig; name = "Pods-Gemairo - Magister statistiek.release.xcconfig"; path = "Target Support Files/Pods-Gemairo - Magister statistiek/Pods-Gemairo - Magister statistiek.release.xcconfig"; sourceTree = "<group>"; };
		63ECFC5502184130B0A262E4 /* AMSAdBase.swift */ = {isa = PBXFileReference; explicitFileType = undefined; fileEncoding = 4; includeInIndex = 0; lastKnownFileType = sourcecode.swift; name = AMSAdBase.swift; path = "cordova-admob-plus/AMSAdBase.swift"; sourceTree = "<group>"; };
		6AFF5BF81D6E424B00AB3073 /* CDVLaunchScreen.storyboard */ = {isa = PBXFileReference; fileEncoding = 4; lastKnownFileType = file.storyboard; name = CDVLaunchScreen.storyboard; path = "Gemairo - Magister statistiek/CDVLaunchScreen.storyboard"; sourceTree = SOURCE_ROOT; };
		830F8D86F2B64F7496608D27 /* AMSPlugin.swift */ = {isa = PBXFileReference; explicitFileType = undefined; fileEncoding = 4; includeInIndex = 0; lastKnownFileType = sourcecode.swift; name = AMSPlugin.swift; path = "cordova-admob-plus/AMSPlugin.swift"; sourceTree = "<group>"; };
		8B6A2AB1272E4E9D97C79A94 /* AMSPlugin-Bridging-Header.h */ = {isa = PBXFileReference; explicitFileType = undefined; fileEncoding = 4; includeInIndex = 0; lastKnownFileType = sourcecode.c.h; name = "AMSPlugin-Bridging-Header.h"; path = "cordova-admob-plus/AMSPlugin-Bridging-Header.h"; sourceTree = "<group>"; };
		8D1107310486CEB800E47090 /* Gemairo - Magister statistiek-Info.plist */ = {isa = PBXFileReference; fileEncoding = 4; lastKnownFileType = text.plist.xml; name = "Gemairo - Magister statistiek-Info.plist"; path = "Gemairo - Magister statistiek/Gemairo - Magister statistiek-Info.plist"; plistStructureDefinitionIdentifier = "com.apple.xcode.plist.structure-definition.iphone.info-plist"; sourceTree = SOURCE_ROOT; };
		AB4412264F274B0CBE9B9EE5 /* AMSInterstitial.swift */ = {isa = PBXFileReference; explicitFileType = undefined; fileEncoding = 4; includeInIndex = 0; lastKnownFileType = sourcecode.swift; name = AMSInterstitial.swift; path = "cordova-admob-plus/AMSInterstitial.swift"; sourceTree = "<group>"; };
		C5E8E1D9958B516A0FD3394A /* Pods_Gemairo___Magister_statistiek.framework */ = {isa = PBXFileReference; explicitFileType = wrapper.framework; includeInIndex = 0; path = Pods_Gemairo___Magister_statistiek.framework; sourceTree = BUILT_PRODUCTS_DIR; };
		E5353DFCFBA84AFFA5206D0C /* AMSConstants.swift */ = {isa = PBXFileReference; explicitFileType = undefined; fileEncoding = 4; includeInIndex = 0; lastKnownFileType = sourcecode.swift; name = AMSConstants.swift; path = "cordova-admob-plus/AMSConstants.swift"; sourceTree = "<group>"; };
		EB87FDF31871DA8E0020F90C /* www */ = {isa = PBXFileReference; lastKnownFileType = folder; name = www; path = ../../www; sourceTree = "<group>"; };
		EB87FDF41871DAF40020F90C /* config.xml */ = {isa = PBXFileReference; lastKnownFileType = text.xml; name = config.xml; path = ../../config.xml; sourceTree = "<group>"; };
		ED33DF2A687741AEAF9F8254 /* Bridging-Header.h */ = {isa = PBXFileReference; fileEncoding = 4; lastKnownFileType = sourcecode.c.h; path = "Bridging-Header.h"; sourceTree = "<group>"; };
		F840E1F0165FE0F500CFE078 /* config.xml */ = {isa = PBXFileReference; lastKnownFileType = text.xml; name = config.xml; path = "Gemairo - Magister statistiek/config.xml"; sourceTree = "<group>"; };
		5CDF0CBC685942DE8BB9681C /* LaunchReview.m */ = {isa = PBXFileReference; name = "LaunchReview.m"; path = "cordova-launch-review/LaunchReview.m"; sourceTree = "<group>"; fileEncoding = 4; lastKnownFileType = sourcecode.c.objc; explicitFileType = undefined; includeInIndex = 0; };
		48D6E87B5B0649FDA21604F3 /* UIWindow+DismissNotification.m */ = {isa = PBXFileReference; name = "UIWindow+DismissNotification.m"; path = "cordova-launch-review/UIWindow+DismissNotification.m"; sourceTree = "<group>"; fileEncoding = 4; lastKnownFileType = sourcecode.c.objc; explicitFileType = undefined; includeInIndex = 0; };
		5A008C8D82074018BB785AC2 /* LaunchReview.h */ = {isa = PBXFileReference; name = "LaunchReview.h"; path = "cordova-launch-review/LaunchReview.h"; sourceTree = "<group>"; fileEncoding = 4; lastKnownFileType = sourcecode.c.h; explicitFileType = undefined; includeInIndex = 0; };
		8442CFF863F5491BA5CF46E3 /* UIWindow+DismissNotification.h */ = {isa = PBXFileReference; name = "UIWindow+DismissNotification.h"; path = "cordova-launch-review/UIWindow+DismissNotification.h"; sourceTree = "<group>"; fileEncoding = 4; lastKnownFileType = sourcecode.c.h; explicitFileType = undefined; includeInIndex = 0; };
		DE92B4CBD27340539145C56E /* StoreKit.framework */ = {isa = PBXFileReference; name = "StoreKit.framework"; path = "System/Library/Frameworks/StoreKit.framework"; sourceTree = SDKROOT; fileEncoding = undefined; lastKnownFileType = wrapper.framework; explicitFileType = undefined; includeInIndex = 0; };
		B05DED5C904147C69FA221C5 /* NativeSettings.m */ = {isa = PBXFileReference; name = "NativeSettings.m"; path = "cordova-open-native-settings/NativeSettings.m"; sourceTree = "<group>"; fileEncoding = 4; lastKnownFileType = sourcecode.c.objc; explicitFileType = undefined; includeInIndex = 0; };
		3FD00C2D44F54BF4BC94D237 /* NativeSettings.h */ = {isa = PBXFileReference; name = "NativeSettings.h"; path = "cordova-open-native-settings/NativeSettings.h"; sourceTree = "<group>"; fileEncoding = 4; lastKnownFileType = sourcecode.c.h; explicitFileType = undefined; includeInIndex = 0; };
		AE9DD23518BA4208A1F94CB6 /* AppVersion.m */ = {isa = PBXFileReference; name = "AppVersion.m"; path = "cordova-plugin-app-version/AppVersion.m"; sourceTree = "<group>"; fileEncoding = 4; lastKnownFileType = sourcecode.c.objc; explicitFileType = undefined; includeInIndex = 0; };
		8CED5D9AC21E40F68A4373DE /* AppVersion.h */ = {isa = PBXFileReference; name = "AppVersion.h"; path = "cordova-plugin-app-version/AppVersion.h"; sourceTree = "<group>"; fileEncoding = 4; lastKnownFileType = sourcecode.c.h; explicitFileType = undefined; includeInIndex = 0; };
		DCBD5FF4181D4C719C65FFE5 /* AMSConsent.swift */ = {isa = PBXFileReference; name = "AMSConsent.swift"; path = "cordova-plugin-consent/AMSConsent.swift"; sourceTree = "<group>"; fileEncoding = 4; lastKnownFileType = sourcecode.swift; explicitFileType = undefined; includeInIndex = 0; };
		EE95B7397AD94CE7A911B77E /* AMSConsent-Bridging-Header.h */ = {isa = PBXFileReference; name = "AMSConsent-Bridging-Header.h"; path = "cordova-plugin-consent/AMSConsent-Bridging-Header.h"; sourceTree = "<group>"; fileEncoding = 4; lastKnownFileType = sourcecode.c.h; explicitFileType = undefined; includeInIndex = 0; };
		5D6DCC50112C44A9B5B2C4A2 /* CDVDevice.m */ = {isa = PBXFileReference; name = "CDVDevice.m"; path = "cordova-plugin-device/CDVDevice.m"; sourceTree = "<group>"; fileEncoding = 4; lastKnownFileType = sourcecode.c.objc; explicitFileType = undefined; includeInIndex = 0; };
		333CBF0B5F814C2B9B1733D0 /* CDVDevice.h */ = {isa = PBXFileReference; name = "CDVDevice.h"; path = "cordova-plugin-device/CDVDevice.h"; sourceTree = "<group>"; fileEncoding = 4; lastKnownFileType = sourcecode.c.h; explicitFileType = undefined; includeInIndex = 0; };
		DE18BF3E5B4E43F88A234F77 /* CDVNotification.m */ = {isa = PBXFileReference; name = "CDVNotification.m"; path = "cordova-plugin-dialogs/CDVNotification.m"; sourceTree = "<group>"; fileEncoding = 4; lastKnownFileType = sourcecode.c.objc; explicitFileType = undefined; includeInIndex = 0; };
		4432FB1899A34D2B8F7F1830 /* CDVNotification.h */ = {isa = PBXFileReference; name = "CDVNotification.h"; path = "cordova-plugin-dialogs/CDVNotification.h"; sourceTree = "<group>"; fileEncoding = 4; lastKnownFileType = sourcecode.c.h; explicitFileType = undefined; includeInIndex = 0; };
		28523F135FC94F8F8A9290C4 /* CDVNotification.bundle */ = {isa = PBXFileReference; name = "CDVNotification.bundle"; path = "CDVNotification.bundle"; sourceTree = "<group>"; fileEncoding = undefined; lastKnownFileType = wrapper.plug-in; explicitFileType = undefined; includeInIndex = 0; };
		B1BA0A43571741AFB8C26498 /* AudioToolbox.framework */ = {isa = PBXFileReference; name = "AudioToolbox.framework"; path = "System/Library/Frameworks/AudioToolbox.framework"; sourceTree = SDKROOT; fileEncoding = undefined; lastKnownFileType = wrapper.framework; explicitFileType = undefined; includeInIndex = 0; };
		84B9B45500544579AE54FFC1 /* CDVInAppBrowserOptions.m */ = {isa = PBXFileReference; name = "CDVInAppBrowserOptions.m"; path = "cordova-plugin-inappbrowser/CDVInAppBrowserOptions.m"; sourceTree = "<group>"; fileEncoding = 4; lastKnownFileType = sourcecode.c.objc; explicitFileType = undefined; includeInIndex = 0; };
		C249AA64E6274A019C5FA704 /* CDVInAppBrowserNavigationController.m */ = {isa = PBXFileReference; name = "CDVInAppBrowserNavigationController.m"; path = "cordova-plugin-inappbrowser/CDVInAppBrowserNavigationController.m"; sourceTree = "<group>"; fileEncoding = 4; lastKnownFileType = sourcecode.c.objc; explicitFileType = undefined; includeInIndex = 0; };
		750498A6CC18406AA352F2F1 /* CDVWKInAppBrowser.m */ = {isa = PBXFileReference; name = "CDVWKInAppBrowser.m"; path = "cordova-plugin-inappbrowser/CDVWKInAppBrowser.m"; sourceTree = "<group>"; fileEncoding = 4; lastKnownFileType = sourcecode.c.objc; explicitFileType = undefined; includeInIndex = 0; };
		C13C2E32F9A44633B2D58C22 /* CDVWKInAppBrowserUIDelegate.m */ = {isa = PBXFileReference; name = "CDVWKInAppBrowserUIDelegate.m"; path = "cordova-plugin-inappbrowser/CDVWKInAppBrowserUIDelegate.m"; sourceTree = "<group>"; fileEncoding = 4; lastKnownFileType = sourcecode.c.objc; explicitFileType = undefined; includeInIndex = 0; };
		C6B5E869E80F4A92AA33F564 /* CDVInAppBrowserOptions.h */ = {isa = PBXFileReference; name = "CDVInAppBrowserOptions.h"; path = "cordova-plugin-inappbrowser/CDVInAppBrowserOptions.h"; sourceTree = "<group>"; fileEncoding = 4; lastKnownFileType = sourcecode.c.h; explicitFileType = undefined; includeInIndex = 0; };
		68DF70DC00BF4597BCC7C140 /* CDVInAppBrowserNavigationController.h */ = {isa = PBXFileReference; name = "CDVInAppBrowserNavigationController.h"; path = "cordova-plugin-inappbrowser/CDVInAppBrowserNavigationController.h"; sourceTree = "<group>"; fileEncoding = 4; lastKnownFileType = sourcecode.c.h; explicitFileType = undefined; includeInIndex = 0; };
		F7042262D0884EE9B5155990 /* CDVWKInAppBrowser.h */ = {isa = PBXFileReference; name = "CDVWKInAppBrowser.h"; path = "cordova-plugin-inappbrowser/CDVWKInAppBrowser.h"; sourceTree = "<group>"; fileEncoding = 4; lastKnownFileType = sourcecode.c.h; explicitFileType = undefined; includeInIndex = 0; };
		25A65A6A53EC4ABEB4973C91 /* CDVWKInAppBrowserUIDelegate.h */ = {isa = PBXFileReference; name = "CDVWKInAppBrowserUIDelegate.h"; path = "cordova-plugin-inappbrowser/CDVWKInAppBrowserUIDelegate.h"; sourceTree = "<group>"; fileEncoding = 4; lastKnownFileType = sourcecode.c.h; explicitFileType = undefined; includeInIndex = 0; };
		75631FB640E24130AC44BB0D /* Insomnia.m */ = {isa = PBXFileReference; name = "Insomnia.m"; path = "cordova-plugin-insomnia/Insomnia.m"; sourceTree = "<group>"; fileEncoding = 4; lastKnownFileType = sourcecode.c.objc; explicitFileType = undefined; includeInIndex = 0; };
		4ED38DCA700C48469EE2CC5B /* Insomnia.h */ = {isa = PBXFileReference; name = "Insomnia.h"; path = "cordova-plugin-insomnia/Insomnia.h"; sourceTree = "<group>"; fileEncoding = 4; lastKnownFileType = sourcecode.c.h; explicitFileType = undefined; includeInIndex = 0; };
		CDC9AC7FE25F4BD0A6EACE04 /* CDVConnection.m */ = {isa = PBXFileReference; name = "CDVConnection.m"; path = "cordova-plugin-network-information/CDVConnection.m"; sourceTree = "<group>"; fileEncoding = 4; lastKnownFileType = sourcecode.c.objc; explicitFileType = undefined; includeInIndex = 0; };
		9C9081E808054C56B94724D0 /* CDVReachability.m */ = {isa = PBXFileReference; name = "CDVReachability.m"; path = "cordova-plugin-network-information/CDVReachability.m"; sourceTree = "<group>"; fileEncoding = 4; lastKnownFileType = sourcecode.c.objc; explicitFileType = undefined; includeInIndex = 0; };
		06FBBD48664441B48155A575 /* CDVConnection.h */ = {isa = PBXFileReference; name = "CDVConnection.h"; path = "cordova-plugin-network-information/CDVConnection.h"; sourceTree = "<group>"; fileEncoding = 4; lastKnownFileType = sourcecode.c.h; explicitFileType = undefined; includeInIndex = 0; };
		65A7C25494444989B04FD753 /* CDVReachability.h */ = {isa = PBXFileReference; name = "CDVReachability.h"; path = "cordova-plugin-network-information/CDVReachability.h"; sourceTree = "<group>"; fileEncoding = 4; lastKnownFileType = sourcecode.c.h; explicitFileType = undefined; includeInIndex = 0; };
		8D9B9F5FD1354E388D27EB11 /* SystemConfiguration.framework */ = {isa = PBXFileReference; name = "SystemConfiguration.framework"; path = "System/Library/Frameworks/SystemConfiguration.framework"; sourceTree = SDKROOT; fileEncoding = undefined; lastKnownFileType = wrapper.framework; explicitFileType = undefined; includeInIndex = 0; };
		C91BF71971FA44E0A68CC2FF /* CoreTelephony.framework */ = {isa = PBXFileReference; name = "CoreTelephony.framework"; path = "System/Library/Frameworks/CoreTelephony.framework"; sourceTree = SDKROOT; fileEncoding = undefined; lastKnownFileType = wrapper.framework; explicitFileType = undefined; includeInIndex = 0; };
		2AF4664CC1D04607B46E2D97 /* InAppPurchase.m */ = {isa = PBXFileReference; name = "InAppPurchase.m"; path = "cordova-plugin-purchase/InAppPurchase.m"; sourceTree = "<group>"; fileEncoding = 4; lastKnownFileType = sourcecode.c.objc; explicitFileType = undefined; includeInIndex = 0; };
		29DDA86FA8044CF3A8C9ED29 /* SKProduct+LocalizedPrice.m */ = {isa = PBXFileReference; name = "SKProduct+LocalizedPrice.m"; path = "cordova-plugin-purchase/SKProduct+LocalizedPrice.m"; sourceTree = "<group>"; fileEncoding = 4; lastKnownFileType = sourcecode.c.objc; explicitFileType = undefined; includeInIndex = 0; };
		D94028C928424331A3E9BB50 /* SKProductDiscount+LocalizedPrice.m */ = {isa = PBXFileReference; name = "SKProductDiscount+LocalizedPrice.m"; path = "cordova-plugin-purchase/SKProductDiscount+LocalizedPrice.m"; sourceTree = "<group>"; fileEncoding = 4; lastKnownFileType = sourcecode.c.objc; explicitFileType = undefined; includeInIndex = 0; };
		955D9D75C20A477EA465F9BA /* FileUtility.m */ = {isa = PBXFileReference; name = "FileUtility.m"; path = "cordova-plugin-purchase/FileUtility.m"; sourceTree = "<group>"; fileEncoding = 4; lastKnownFileType = sourcecode.c.objc; explicitFileType = undefined; includeInIndex = 0; };
		E5DE626A33F74EEFA2FEF9BD /* InAppPurchase.h */ = {isa = PBXFileReference; name = "InAppPurchase.h"; path = "cordova-plugin-purchase/InAppPurchase.h"; sourceTree = "<group>"; fileEncoding = 4; lastKnownFileType = sourcecode.c.h; explicitFileType = undefined; includeInIndex = 0; };
		E97325F4F64D4D708003E18F /* SKProduct+LocalizedPrice.h */ = {isa = PBXFileReference; name = "SKProduct+LocalizedPrice.h"; path = "cordova-plugin-purchase/SKProduct+LocalizedPrice.h"; sourceTree = "<group>"; fileEncoding = 4; lastKnownFileType = sourcecode.c.h; explicitFileType = undefined; includeInIndex = 0; };
		AA17FBEB850443F6AA8C9829 /* SKProductDiscount+LocalizedPrice.h */ = {isa = PBXFileReference; name = "SKProductDiscount+LocalizedPrice.h"; path = "cordova-plugin-purchase/SKProductDiscount+LocalizedPrice.h"; sourceTree = "<group>"; fileEncoding = 4; lastKnownFileType = sourcecode.c.h; explicitFileType = undefined; includeInIndex = 0; };
		689386972A0B4CE69848D239 /* FileUtility.h */ = {isa = PBXFileReference; name = "FileUtility.h"; path = "cordova-plugin-purchase/FileUtility.h"; sourceTree = "<group>"; fileEncoding = 4; lastKnownFileType = sourcecode.c.h; explicitFileType = undefined; includeInIndex = 0; };
		18AA86BFFDA6456F92327AFF /* CDVSplashScreen.m */ = {isa = PBXFileReference; name = "CDVSplashScreen.m"; path = "cordova-plugin-splashscreen/CDVSplashScreen.m"; sourceTree = "<group>"; fileEncoding = 4; lastKnownFileType = sourcecode.c.objc; explicitFileType = undefined; includeInIndex = 0; };
		EA8FAB609B9543D09809AA95 /* CDVViewController+SplashScreen.m */ = {isa = PBXFileReference; name = "CDVViewController+SplashScreen.m"; path = "cordova-plugin-splashscreen/CDVViewController+SplashScreen.m"; sourceTree = "<group>"; fileEncoding = 4; lastKnownFileType = sourcecode.c.objc; explicitFileType = undefined; includeInIndex = 0; };
		C9B715F1FFA1427694D5F111 /* CDVSplashScreen.h */ = {isa = PBXFileReference; name = "CDVSplashScreen.h"; path = "cordova-plugin-splashscreen/CDVSplashScreen.h"; sourceTree = "<group>"; fileEncoding = 4; lastKnownFileType = sourcecode.c.h; explicitFileType = undefined; includeInIndex = 0; };
		1430D57E97C449A89ACB860D /* CDVViewController+SplashScreen.h */ = {isa = PBXFileReference; name = "CDVViewController+SplashScreen.h"; path = "cordova-plugin-splashscreen/CDVViewController+SplashScreen.h"; sourceTree = "<group>"; fileEncoding = 4; lastKnownFileType = sourcecode.c.h; explicitFileType = undefined; includeInIndex = 0; };
		15B63751233C4C7984155CA6 /* CDVStatusBar.m */ = {isa = PBXFileReference; name = "CDVStatusBar.m"; path = "cordova-plugin-statusbar/CDVStatusBar.m"; sourceTree = "<group>"; fileEncoding = 4; lastKnownFileType = sourcecode.c.objc; explicitFileType = undefined; includeInIndex = 0; };
		B526BE0C243D4435901FADB9 /* CDVStatusBar.h */ = {isa = PBXFileReference; name = "CDVStatusBar.h"; path = "cordova-plugin-statusbar/CDVStatusBar.h"; sourceTree = "<group>"; fileEncoding = 4; lastKnownFileType = sourcecode.c.h; explicitFileType = undefined; includeInIndex = 0; };
		D5F45C0B963D481886DC27A3 /* TapticEngine.m */ = {isa = PBXFileReference; name = "TapticEngine.m"; path = "cordova-plugin-taptic-engine/TapticEngine.m"; sourceTree = "<group>"; fileEncoding = 4; lastKnownFileType = sourcecode.c.objc; explicitFileType = undefined; includeInIndex = 0; };
		34EBC84F2DCB4F9D84BEE8C5 /* TapticEngine.h */ = {isa = PBXFileReference; name = "TapticEngine.h"; path = "cordova-plugin-taptic-engine/TapticEngine.h"; sourceTree = "<group>"; fileEncoding = 4; lastKnownFileType = sourcecode.c.h; explicitFileType = undefined; includeInIndex = 0; };
		3BEDEBD668F64207B0DAFEC2 /* CDVVibration.m */ = {isa = PBXFileReference; name = "CDVVibration.m"; path = "cordova-plugin-vibration/CDVVibration.m"; sourceTree = "<group>"; fileEncoding = 4; lastKnownFileType = sourcecode.c.objc; explicitFileType = undefined; includeInIndex = 0; };
		F5E67015C01A4D4598A98D37 /* CDVVibration.h */ = {isa = PBXFileReference; name = "CDVVibration.h"; path = "cordova-plugin-vibration/CDVVibration.h"; sourceTree = "<group>"; fileEncoding = 4; lastKnownFileType = sourcecode.c.h; explicitFileType = undefined; includeInIndex = 0; };
		828283CEB5FF4555B1AFF640 /* CDVWKWebViewEngine.m */ = {isa = PBXFileReference; name = "CDVWKWebViewEngine.m"; path = "cordova-plugin-wkwebview-engine/CDVWKWebViewEngine.m"; sourceTree = "<group>"; fileEncoding = 4; lastKnownFileType = sourcecode.c.objc; explicitFileType = undefined; includeInIndex = 0; };
		92E3496A7BC045CF9EEFFBDC /* CDVWKWebViewUIDelegate.m */ = {isa = PBXFileReference; name = "CDVWKWebViewUIDelegate.m"; path = "cordova-plugin-wkwebview-engine/CDVWKWebViewUIDelegate.m"; sourceTree = "<group>"; fileEncoding = 4; lastKnownFileType = sourcecode.c.objc; explicitFileType = undefined; includeInIndex = 0; };
		2B03E187F4CC4F65AEBA2776 /* CDVWKProcessPoolFactory.m */ = {isa = PBXFileReference; name = "CDVWKProcessPoolFactory.m"; path = "cordova-plugin-wkwebview-engine/CDVWKProcessPoolFactory.m"; sourceTree = "<group>"; fileEncoding = 4; lastKnownFileType = sourcecode.c.objc; explicitFileType = undefined; includeInIndex = 0; };
		09B6B79271EC4005B3FED7E8 /* CDVWKWebViewEngine.h */ = {isa = PBXFileReference; name = "CDVWKWebViewEngine.h"; path = "cordova-plugin-wkwebview-engine/CDVWKWebViewEngine.h"; sourceTree = "<group>"; fileEncoding = 4; lastKnownFileType = sourcecode.c.h; explicitFileType = undefined; includeInIndex = 0; };
		36EF6F79D31B4C55A0318B5C /* CDVWKWebViewUIDelegate.h */ = {isa = PBXFileReference; name = "CDVWKWebViewUIDelegate.h"; path = "cordova-plugin-wkwebview-engine/CDVWKWebViewUIDelegate.h"; sourceTree = "<group>"; fileEncoding = 4; lastKnownFileType = sourcecode.c.h; explicitFileType = undefined; includeInIndex = 0; };
		09FF35D4085E48E2A913C4BB /* CDVWKProcessPoolFactory.h */ = {isa = PBXFileReference; name = "CDVWKProcessPoolFactory.h"; path = "cordova-plugin-wkwebview-engine/CDVWKProcessPoolFactory.h"; sourceTree = "<group>"; fileEncoding = 4; lastKnownFileType = sourcecode.c.h; explicitFileType = undefined; includeInIndex = 0; };
		BF67E1F6479E431BB1EC1E40 /* WebKit.framework */ = {isa = PBXFileReference; name = "WebKit.framework"; path = "System/Library/Frameworks/WebKit.framework"; sourceTree = SDKROOT; fileEncoding = undefined; lastKnownFileType = wrapper.framework; explicitFileType = undefined; includeInIndex = 0; };
/* End PBXFileReference section */

/* Begin PBXFrameworksBuildPhase section */
		1D60588F0D05DD3D006BFB54 /* Frameworks */ = {
			isa = PBXFrameworksBuildPhase;
			buildActionMask = 2147483647;
			files = (
				301BF552109A68D80062928A /* libCordova.a in Frameworks */,
				92510134C5E2C60A6A7E8F4A /* Pods_Gemairo___Magister_statistiek.framework in Frameworks */,
				2D8953AB2BB84E99836C29C6 /* StoreKit.framework in Frameworks */,
				C6F75D0FFD8941CEA28CE3A4 /* AudioToolbox.framework in Frameworks */,
				62DB87D1E97340C187901A55 /* SystemConfiguration.framework in Frameworks */,
				0882DA3887F0474AA632E319 /* CoreTelephony.framework in Frameworks */,
				22A6C943A0C54FCBB39828AA /* WebKit.framework in Frameworks */,
			);
			runOnlyForDeploymentPostprocessing = 0;
		};
/* End PBXFrameworksBuildPhase section */

/* Begin PBXGroup section */
		080E96DDFE201D6D7F000001 /* Classes */ = {
			isa = PBXGroup;
			children = (
				302D95EE14D2391D003F00A1 /* MainViewController.h */,
				302D95EF14D2391D003F00A1 /* MainViewController.m */,
				302D95F014D2391D003F00A1 /* MainViewController.xib */,
				1D3623240D0F684500981E51 /* AppDelegate.h */,
				1D3623250D0F684500981E51 /* AppDelegate.m */,
			);
			name = Classes;
			path = "Gemairo - Magister statistiek/Classes";
			sourceTree = SOURCE_ROOT;
		};
		19C28FACFE9D520D11CA2CBB /* Products */ = {
			isa = PBXGroup;
			children = (
				1D6058910D05DD3D006BFB54 /* Gemairo - Magister statistiek.app */,
			);
			name = Products;
			sourceTree = "<group>";
		};
		29B97314FDCFA39411CA2CEA = {
			isa = PBXGroup;
			children = (
				EB87FDF41871DAF40020F90C /* config.xml */,
				EB87FDF31871DA8E0020F90C /* www */,
				EB87FDF11871DA420020F90C /* Staging */,
				301BF52D109A57CC0062928A /* CordovaLib.xcodeproj */,
				080E96DDFE201D6D7F000001 /* Classes */,
				307C750510C5A3420062BCA9 /* Plugins */,
				29B97315FDCFA39411CA2CEA /* Other Sources */,
				29B97317FDCFA39411CA2CEA /* Resources */,
				29B97323FDCFA39411CA2CEA /* Frameworks */,
				19C28FACFE9D520D11CA2CBB /* Products */,
				9F957CB1E772EA37715F31CB /* Pods */,
			);
			name = CustomTemplate;
			sourceTree = "<group>";
		};
		29B97315FDCFA39411CA2CEA /* Other Sources */ = {
			isa = PBXGroup;
			children = (
				32CA4F630368D1EE00C91783 /* Gemairo - Magister statistiek-Prefix.pch */,
				29B97316FDCFA39411CA2CEA /* main.m */,
				ED33DF2A687741AEAF9F8254 /* Bridging-Header.h */,
			);
			name = "Other Sources";
			path = "Gemairo - Magister statistiek";
			sourceTree = "<group>";
		};
		29B97317FDCFA39411CA2CEA /* Resources */ = {
			isa = PBXGroup;
			children = (
				0207DA571B56EA530066E2B4 /* Images.xcassets */,
				3047A50E1AB8057F00498E2A /* config */,
				8D1107310486CEB800E47090 /* Gemairo - Magister statistiek-Info.plist */,
				6AFF5BF81D6E424B00AB3073 /* CDVLaunchScreen.storyboard */,
				28523F135FC94F8F8A9290C4 /* CDVNotification.bundle */,
			);
			name = Resources;
			path = "Gemairo - Magister statistiek/Resources";
			sourceTree = "<group>";
		};
		29B97323FDCFA39411CA2CEA /* Frameworks */ = {
			isa = PBXGroup;
			children = (
				C5E8E1D9958B516A0FD3394A /* Pods_Gemairo___Magister_statistiek.framework */,
				DE92B4CBD27340539145C56E /* StoreKit.framework */,
				B1BA0A43571741AFB8C26498 /* AudioToolbox.framework */,
				8D9B9F5FD1354E388D27EB11 /* SystemConfiguration.framework */,
				C91BF71971FA44E0A68CC2FF /* CoreTelephony.framework */,
				BF67E1F6479E431BB1EC1E40 /* WebKit.framework */,
			);
			name = Frameworks;
			sourceTree = "<group>";
		};
		301BF52E109A57CC0062928A /* Products */ = {
			isa = PBXGroup;
			children = (
				301BF535109A57CC0062928A /* libCordova.a */,
				907D8124214C687600058A10 /* Cordova.framework */,
			);
			name = Products;
			sourceTree = "<group>";
		};
		3047A50E1AB8057F00498E2A /* config */ = {
			isa = PBXGroup;
			children = (
				3047A50F1AB8059700498E2A /* build-debug.xcconfig */,
				3047A5101AB8059700498E2A /* build-release.xcconfig */,
				3047A5111AB8059700498E2A /* build.xcconfig */,
			);
			name = config;
			sourceTree = "<group>";
		};
		307C750510C5A3420062BCA9 /* Plugins */ = {
			isa = PBXGroup;
			children = (
				63ECFC5502184130B0A262E4 /* AMSAdBase.swift */,
				34FAEDA690A64E2EB3F83E29 /* AMSBanner.swift */,
				E5353DFCFBA84AFFA5206D0C /* AMSConstants.swift */,
				AB4412264F274B0CBE9B9EE5 /* AMSInterstitial.swift */,
				830F8D86F2B64F7496608D27 /* AMSPlugin.swift */,
				20F432B50CCD40A599C21BD7 /* AMSRewardVideo.swift */,
				8B6A2AB1272E4E9D97C79A94 /* AMSPlugin-Bridging-Header.h */,
				5CDF0CBC685942DE8BB9681C /* LaunchReview.m */,
				48D6E87B5B0649FDA21604F3 /* UIWindow+DismissNotification.m */,
				5A008C8D82074018BB785AC2 /* LaunchReview.h */,
				8442CFF863F5491BA5CF46E3 /* UIWindow+DismissNotification.h */,
				B05DED5C904147C69FA221C5 /* NativeSettings.m */,
				3FD00C2D44F54BF4BC94D237 /* NativeSettings.h */,
				AE9DD23518BA4208A1F94CB6 /* AppVersion.m */,
				8CED5D9AC21E40F68A4373DE /* AppVersion.h */,
				DCBD5FF4181D4C719C65FFE5 /* AMSConsent.swift */,
				EE95B7397AD94CE7A911B77E /* AMSConsent-Bridging-Header.h */,
				5D6DCC50112C44A9B5B2C4A2 /* CDVDevice.m */,
				333CBF0B5F814C2B9B1733D0 /* CDVDevice.h */,
				DE18BF3E5B4E43F88A234F77 /* CDVNotification.m */,
				4432FB1899A34D2B8F7F1830 /* CDVNotification.h */,
				84B9B45500544579AE54FFC1 /* CDVInAppBrowserOptions.m */,
				C249AA64E6274A019C5FA704 /* CDVInAppBrowserNavigationController.m */,
				750498A6CC18406AA352F2F1 /* CDVWKInAppBrowser.m */,
				C13C2E32F9A44633B2D58C22 /* CDVWKInAppBrowserUIDelegate.m */,
				C6B5E869E80F4A92AA33F564 /* CDVInAppBrowserOptions.h */,
				68DF70DC00BF4597BCC7C140 /* CDVInAppBrowserNavigationController.h */,
				F7042262D0884EE9B5155990 /* CDVWKInAppBrowser.h */,
				25A65A6A53EC4ABEB4973C91 /* CDVWKInAppBrowserUIDelegate.h */,
				75631FB640E24130AC44BB0D /* Insomnia.m */,
				4ED38DCA700C48469EE2CC5B /* Insomnia.h */,
				CDC9AC7FE25F4BD0A6EACE04 /* CDVConnection.m */,
				9C9081E808054C56B94724D0 /* CDVReachability.m */,
				06FBBD48664441B48155A575 /* CDVConnection.h */,
				65A7C25494444989B04FD753 /* CDVReachability.h */,
				2AF4664CC1D04607B46E2D97 /* InAppPurchase.m */,
				29DDA86FA8044CF3A8C9ED29 /* SKProduct+LocalizedPrice.m */,
				D94028C928424331A3E9BB50 /* SKProductDiscount+LocalizedPrice.m */,
				955D9D75C20A477EA465F9BA /* FileUtility.m */,
				E5DE626A33F74EEFA2FEF9BD /* InAppPurchase.h */,
				E97325F4F64D4D708003E18F /* SKProduct+LocalizedPrice.h */,
				AA17FBEB850443F6AA8C9829 /* SKProductDiscount+LocalizedPrice.h */,
				689386972A0B4CE69848D239 /* FileUtility.h */,
				18AA86BFFDA6456F92327AFF /* CDVSplashScreen.m */,
				EA8FAB609B9543D09809AA95 /* CDVViewController+SplashScreen.m */,
				C9B715F1FFA1427694D5F111 /* CDVSplashScreen.h */,
				1430D57E97C449A89ACB860D /* CDVViewController+SplashScreen.h */,
				15B63751233C4C7984155CA6 /* CDVStatusBar.m */,
				B526BE0C243D4435901FADB9 /* CDVStatusBar.h */,
				D5F45C0B963D481886DC27A3 /* TapticEngine.m */,
				34EBC84F2DCB4F9D84BEE8C5 /* TapticEngine.h */,
				3BEDEBD668F64207B0DAFEC2 /* CDVVibration.m */,
				F5E67015C01A4D4598A98D37 /* CDVVibration.h */,
				828283CEB5FF4555B1AFF640 /* CDVWKWebViewEngine.m */,
				92E3496A7BC045CF9EEFFBDC /* CDVWKWebViewUIDelegate.m */,
				2B03E187F4CC4F65AEBA2776 /* CDVWKProcessPoolFactory.m */,
				09B6B79271EC4005B3FED7E8 /* CDVWKWebViewEngine.h */,
				36EF6F79D31B4C55A0318B5C /* CDVWKWebViewUIDelegate.h */,
				09FF35D4085E48E2A913C4BB /* CDVWKProcessPoolFactory.h */,
			);
			name = Plugins;
			path = "Gemairo - Magister statistiek/Plugins";
			sourceTree = SOURCE_ROOT;
		};
		9F957CB1E772EA37715F31CB /* Pods */ = {
			isa = PBXGroup;
			children = (
				371D7285A41F6071ECF03CFE /* Pods-Gemairo - Magister statistiek.debug.xcconfig */,
				50530F2F48D38ED8C73C9978 /* Pods-Gemairo - Magister statistiek.release.xcconfig */,
			);
			name = Pods;
			path = Pods;
			sourceTree = "<group>";
		};
		EB87FDF11871DA420020F90C /* Staging */ = {
			isa = PBXGroup;
			children = (
				F840E1F0165FE0F500CFE078 /* config.xml */,
				301BF56E109A69640062928A /* www */,
			);
			name = Staging;
			sourceTree = "<group>";
		};
/* End PBXGroup section */

/* Begin PBXNativeTarget section */
		1D6058900D05DD3D006BFB54 /* Gemairo - Magister statistiek */ = {
			isa = PBXNativeTarget;
			buildConfigurationList = 1D6058960D05DD3E006BFB54 /* Build configuration list for PBXNativeTarget "Gemairo - Magister statistiek" */;
			buildPhases = (
				4CC90145772F6A6D09F1BD61 /* [CP] Check Pods Manifest.lock */,
				304B58A110DAC018002A0835 /* Copy www directory */,
				1D60588D0D05DD3D006BFB54 /* Resources */,
				1D60588E0D05DD3D006BFB54 /* Sources */,
				1D60588F0D05DD3D006BFB54 /* Frameworks */,
				B15BADCD67158F44D7A1576D /* [CP] Embed Pods Frameworks */,
			);
			buildRules = (
			);
			dependencies = (
				301BF551109A68C00062928A /* PBXTargetDependency */,
			);
			name = "Gemairo - Magister statistiek";
			productName = "Gemairo - Magister statistiek";
			productReference = 1D6058910D05DD3D006BFB54 /* Gemairo - Magister statistiek.app */;
			productType = "com.apple.product-type.application";
		};
/* End PBXNativeTarget section */

/* Begin PBXProject section */
		29B97313FDCFA39411CA2CEA /* Project object */ = {
			isa = PBXProject;
			attributes = {
				LastUpgradeCheck = 1130;
				TargetAttributes = {
					1D6058900D05DD3D006BFB54 = {
						ProvisioningStyle = Automatic;
					};
				};
			};
			buildConfigurationList = C01FCF4E08A954540054247B /* Build configuration list for PBXProject "Gemairo - Magister statistiek" */;
			compatibilityVersion = "Xcode 11.0";
			developmentRegion = en;
			hasScannedForEncodings = 1;
			knownRegions = (
				en,
				Base,
			);
			mainGroup = 29B97314FDCFA39411CA2CEA;
			productRefGroup = 19C28FACFE9D520D11CA2CBB /* Products */;
			projectDirPath = "";
			projectReferences = (
				{
					ProductGroup = 301BF52E109A57CC0062928A /* Products */;
					ProjectRef = 301BF52D109A57CC0062928A /* CordovaLib.xcodeproj */;
				},
			);
			projectRoot = "";
			targets = (
				1D6058900D05DD3D006BFB54 /* Gemairo - Magister statistiek */,
			);
		};
/* End PBXProject section */

/* Begin PBXReferenceProxy section */
		301BF535109A57CC0062928A /* libCordova.a */ = {
			isa = PBXReferenceProxy;
			fileType = archive.ar;
			path = libCordova.a;
			remoteRef = 301BF534109A57CC0062928A /* PBXContainerItemProxy */;
			sourceTree = BUILT_PRODUCTS_DIR;
		};
		907D8124214C687600058A10 /* Cordova.framework */ = {
			isa = PBXReferenceProxy;
			fileType = wrapper.framework;
			path = Cordova.framework;
			remoteRef = 907D8123214C687600058A10 /* PBXContainerItemProxy */;
			sourceTree = BUILT_PRODUCTS_DIR;
		};
/* End PBXReferenceProxy section */

/* Begin PBXResourcesBuildPhase section */
		1D60588D0D05DD3D006BFB54 /* Resources */ = {
			isa = PBXResourcesBuildPhase;
			buildActionMask = 2147483647;
			files = (
				302D95F214D2391D003F00A1 /* MainViewController.xib in Resources */,
				0207DA581B56EA530066E2B4 /* Images.xcassets in Resources */,
				6AFF5BF91D6E424B00AB3073 /* CDVLaunchScreen.storyboard in Resources */,
				E049A050E9454AA5BFCCF6A9 /* CDVNotification.bundle in Resources */,
			);
			runOnlyForDeploymentPostprocessing = 0;
		};
/* End PBXResourcesBuildPhase section */

/* Begin PBXShellScriptBuildPhase section */
		304B58A110DAC018002A0835 /* Copy www directory */ = {
			isa = PBXShellScriptBuildPhase;
			buildActionMask = 2147483647;
			files = (
			);
			inputPaths = (
			);
			name = "Copy www directory";
			outputPaths = (
			);
			runOnlyForDeploymentPostprocessing = 0;
			shellPath = /bin/sh;
			shellScript = "\"$SRCROOT/Gemairo - Magister statistiek/Scripts/copy-www-build-step.sh\"";
			showEnvVarsInLog = 0;
		};
		4CC90145772F6A6D09F1BD61 /* [CP] Check Pods Manifest.lock */ = {
			isa = PBXShellScriptBuildPhase;
			buildActionMask = 2147483647;
			files = (
			);
			inputFileListPaths = (
			);
			inputPaths = (
				"${PODS_PODFILE_DIR_PATH}/Podfile.lock",
				"${PODS_ROOT}/Manifest.lock",
			);
			name = "[CP] Check Pods Manifest.lock";
			outputFileListPaths = (
			);
			outputPaths = (
				"$(DERIVED_FILE_DIR)/Pods-Gemairo - Magister statistiek-checkManifestLockResult.txt",
			);
			runOnlyForDeploymentPostprocessing = 0;
			shellPath = /bin/sh;
			shellScript = "diff \"${PODS_PODFILE_DIR_PATH}/Podfile.lock\" \"${PODS_ROOT}/Manifest.lock\" > /dev/null\nif [ $? != 0 ] ; then\n    # print error to STDERR\n    echo \"error: The sandbox is not in sync with the Podfile.lock. Run 'pod install' or update your CocoaPods installation.\" >&2\n    exit 1\nfi\n# This output is used by Xcode 'outputs' to avoid re-running this script phase.\necho \"SUCCESS\" > \"${SCRIPT_OUTPUT_FILE_0}\"\n";
			showEnvVarsInLog = 0;
		};
		B15BADCD67158F44D7A1576D /* [CP] Embed Pods Frameworks */ = {
			isa = PBXShellScriptBuildPhase;
			buildActionMask = 2147483647;
			files = (
			);
			inputFileListPaths = (
				"${PODS_ROOT}/Target Support Files/Pods-Gemairo - Magister statistiek/Pods-Gemairo - Magister statistiek-frameworks-${CONFIGURATION}-input-files.xcfilelist",
			);
			name = "[CP] Embed Pods Frameworks";
			outputFileListPaths = (
				"${PODS_ROOT}/Target Support Files/Pods-Gemairo - Magister statistiek/Pods-Gemairo - Magister statistiek-frameworks-${CONFIGURATION}-output-files.xcfilelist",
			);
			runOnlyForDeploymentPostprocessing = 0;
			shellPath = /bin/sh;
			shellScript = "\"${PODS_ROOT}/Target Support Files/Pods-Gemairo - Magister statistiek/Pods-Gemairo - Magister statistiek-frameworks.sh\"\n";
			showEnvVarsInLog = 0;
		};
/* End PBXShellScriptBuildPhase section */

/* Begin PBXSourcesBuildPhase section */
		1D60588E0D05DD3D006BFB54 /* Sources */ = {
			isa = PBXSourcesBuildPhase;
			buildActionMask = 2147483647;
			files = (
				1D60589B0D05DD56006BFB54 /* main.m in Sources */,
				1D3623260D0F684500981E51 /* AppDelegate.m in Sources */,
				302D95F114D2391D003F00A1 /* MainViewController.m in Sources */,
				D4543DCCD8104B42AD452A10 /* AMSAdBase.swift in Sources */,
				D8415E1FD71F4E42B521C7FA /* AMSBanner.swift in Sources */,
				7F2E328C80EF4672A6C087EC /* AMSConstants.swift in Sources */,
				A7AF487ED03B4240B308580F /* AMSInterstitial.swift in Sources */,
				3906FF41921047F599976E80 /* AMSPlugin.swift in Sources */,
				40211377EBE74052BF1508A8 /* AMSRewardVideo.swift in Sources */,
				0396721731174158B689C0E0 /* LaunchReview.m in Sources */,
				A1BDA3F15D83414BB726C360 /* UIWindow+DismissNotification.m in Sources */,
				24BEEC9E56AD4095892A5F24 /* NativeSettings.m in Sources */,
				6DE8AA82142A4E5681D061B2 /* AppVersion.m in Sources */,
				D5BF93BE98EB42588B9E2FC3 /* AMSConsent.swift in Sources */,
				ECB8514395804B08A2B8611C /* CDVDevice.m in Sources */,
				B3221C8C623C409A8BB49B1C /* CDVNotification.m in Sources */,
				F7777B0C217743BC955ACC38 /* CDVInAppBrowserOptions.m in Sources */,
				AAA3E02805E845FAACE10DAE /* CDVInAppBrowserNavigationController.m in Sources */,
				31AF899C4356468196C4948F /* CDVWKInAppBrowser.m in Sources */,
				972884A042FD41B08BEAD437 /* CDVWKInAppBrowserUIDelegate.m in Sources */,
				61A5DF2118FE458BB4C8C5F7 /* Insomnia.m in Sources */,
				203DF9C80E734FFC863EF77C /* CDVConnection.m in Sources */,
				17918CBECAD0411FAE89D926 /* CDVReachability.m in Sources */,
				2E38AC6D83774E9DACA6B269 /* InAppPurchase.m in Sources */,
				FFEED250C3B549F6967F8C6E /* SKProduct+LocalizedPrice.m in Sources */,
				4A6798CB95D745C09D91C2A6 /* SKProductDiscount+LocalizedPrice.m in Sources */,
				32BC4B16AD374C04A7FFABF3 /* FileUtility.m in Sources */,
				192C6453B15F4646AF349AC4 /* CDVSplashScreen.m in Sources */,
				FE8AD661E6014BD0B03602B5 /* CDVViewController+SplashScreen.m in Sources */,
				7C6A9D0BB84C47DDB6718184 /* CDVStatusBar.m in Sources */,
				02A1F4DBC0204FB6BAF383B3 /* TapticEngine.m in Sources */,
				7C03CC5CE51640D997EBC296 /* CDVVibration.m in Sources */,
				2A022462BC104B22A3C3DD01 /* CDVWKWebViewEngine.m in Sources */,
				65AAFEAEA9714991AD2FA192 /* CDVWKWebViewUIDelegate.m in Sources */,
				E446F6D4F36F4E609D0D14AF /* CDVWKProcessPoolFactory.m in Sources */,
			);
			runOnlyForDeploymentPostprocessing = 0;
		};
/* End PBXSourcesBuildPhase section */

/* Begin PBXTargetDependency section */
		301BF551109A68C00062928A /* PBXTargetDependency */ = {
			isa = PBXTargetDependency;
			name = CordovaLib;
			targetProxy = 301BF550109A68C00062928A /* PBXContainerItemProxy */;
		};
/* End PBXTargetDependency section */

/* Begin XCBuildConfiguration section */
		1D6058940D05DD3E006BFB54 /* Debug */ = {
			isa = XCBuildConfiguration;
			baseConfigurationReference = 3047A50F1AB8059700498E2A /* build-debug.xcconfig */;
			buildSettings = {
				ALWAYS_SEARCH_USER_PATHS = NO;
				ASSETCATALOG_COMPILER_APPICON_NAME = AppIcon;
				CLANG_ENABLE_MODULES = YES;
				CLANG_ENABLE_OBJC_ARC = YES;
				COPY_PHASE_STRIP = NO;
				GCC_DYNAMIC_NO_PIC = NO;
				GCC_OPTIMIZATION_LEVEL = 0;
				GCC_PRECOMPILE_PREFIX_HEADER = YES;
				GCC_PREFIX_HEADER = "Gemairo - Magister statistiek/Gemairo - Magister statistiek-Prefix.pch";
				GCC_THUMB_SUPPORT = NO;
				GCC_VERSION = "";
				INFOPLIST_FILE = "Gemairo - Magister statistiek/Gemairo - Magister statistiek-Info.plist";
				IPHONEOS_DEPLOYMENT_TARGET = 11.0;
				LD_RUNPATH_SEARCH_PATHS = "@executable_path/Frameworks";
				PRODUCT_BUNDLE_IDENTIFIER = app.netlob.magiscore;
				PRODUCT_NAME = "$(TARGET_NAME)";
				TARGETED_DEVICE_FAMILY = "1,2";
				VALIDATE_WORKSPACE = NO;
				SWIFT_OBJC_BRIDGING_HEADER = "$(PROJECT_DIR)/$(PROJECT_NAME)/Bridging-Header.h";
				ALWAYS_EMBED_SWIFT_STANDARD_LIBRARIES = YES;
				SWIFT_VERSION = 4.2;
				SWIFT_OPTIMIZATION_LEVEL = "-Onone";
			};
			name = Debug;
		};
		1D6058950D05DD3E006BFB54 /* Release */ = {
			isa = XCBuildConfiguration;
			baseConfigurationReference = 3047A5101AB8059700498E2A /* build-release.xcconfig */;
			buildSettings = {
				ALWAYS_SEARCH_USER_PATHS = NO;
				ASSETCATALOG_COMPILER_APPICON_NAME = AppIcon;
				CLANG_ENABLE_MODULES = YES;
				CLANG_ENABLE_OBJC_ARC = YES;
				COPY_PHASE_STRIP = YES;
				GCC_PRECOMPILE_PREFIX_HEADER = YES;
				GCC_PREFIX_HEADER = "Gemairo - Magister statistiek/Gemairo - Magister statistiek-Prefix.pch";
				GCC_THUMB_SUPPORT = NO;
				GCC_VERSION = "";
				INFOPLIST_FILE = "Gemairo - Magister statistiek/Gemairo - Magister statistiek-Info.plist";
				IPHONEOS_DEPLOYMENT_TARGET = 11.0;
				LD_RUNPATH_SEARCH_PATHS = "@executable_path/Frameworks";
				PRODUCT_BUNDLE_IDENTIFIER = app.netlob.magiscore;
				PRODUCT_NAME = "$(TARGET_NAME)";
				TARGETED_DEVICE_FAMILY = "1,2";
				VALIDATE_WORKSPACE = NO;
				SWIFT_OBJC_BRIDGING_HEADER = "$(PROJECT_DIR)/$(PROJECT_NAME)/Bridging-Header.h";
				ALWAYS_EMBED_SWIFT_STANDARD_LIBRARIES = YES;
				SWIFT_VERSION = 4.2;
			};
			name = Release;
		};
		C01FCF4F08A954540054247B /* Debug */ = {
			isa = XCBuildConfiguration;
			baseConfigurationReference = 3047A5111AB8059700498E2A /* build.xcconfig */;
			buildSettings = {
				CLANG_ANALYZER_LOCALIZABILITY_NONLOCALIZED = YES;
				CLANG_ENABLE_MODULES = YES;
				CLANG_ENABLE_OBJC_ARC = YES;
				CLANG_WARN_BLOCK_CAPTURE_AUTORELEASING = YES;
				CLANG_WARN_BOOL_CONVERSION = YES;
				CLANG_WARN_COMMA = YES;
				CLANG_WARN_CONSTANT_CONVERSION = YES;
				CLANG_WARN_DEPRECATED_OBJC_IMPLEMENTATIONS = YES;
				CLANG_WARN_EMPTY_BODY = YES;
				CLANG_WARN_ENUM_CONVERSION = YES;
				CLANG_WARN_INFINITE_RECURSION = YES;
				CLANG_WARN_INT_CONVERSION = YES;
				CLANG_WARN_NON_LITERAL_NULL_CONVERSION = YES;
				CLANG_WARN_OBJC_IMPLICIT_RETAIN_SELF = YES;
				CLANG_WARN_OBJC_LITERAL_CONVERSION = YES;
				CLANG_WARN_RANGE_LOOP_ANALYSIS = YES;
				CLANG_WARN_STRICT_PROTOTYPES = YES;
				CLANG_WARN_SUSPICIOUS_MOVE = YES;
				CLANG_WARN_UNREACHABLE_CODE = YES;
				CLANG_WARN__DUPLICATE_METHOD_MATCH = YES;
				ENABLE_STRICT_OBJC_MSGSEND = YES;
				ENABLE_TESTABILITY = YES;
				GCC_C_LANGUAGE_STANDARD = c99;
				GCC_NO_COMMON_BLOCKS = YES;
				GCC_THUMB_SUPPORT = NO;
				GCC_VERSION = "";
				GCC_WARN_64_TO_32_BIT_CONVERSION = YES;
				GCC_WARN_ABOUT_RETURN_TYPE = YES;
				GCC_WARN_UNDECLARED_SELECTOR = YES;
				GCC_WARN_UNINITIALIZED_AUTOS = YES;
				GCC_WARN_UNUSED_FUNCTION = YES;
				GCC_WARN_UNUSED_VARIABLE = YES;
				ONLY_ACTIVE_ARCH = YES;
				SDKROOT = iphoneos;
				SKIP_INSTALL = NO;
				WK_WEB_VIEW_ONLY = 1;
				SWIFT_OBJC_BRIDGING_HEADER = "$(PROJECT_DIR)/$(PROJECT_NAME)/Bridging-Header.h";
				ALWAYS_EMBED_SWIFT_STANDARD_LIBRARIES = YES;
				SWIFT_VERSION = 4.2;
				SWIFT_OPTIMIZATION_LEVEL = "-Onone";
			};
			name = Debug;
		};
		C01FCF5008A954540054247B /* Release */ = {
			isa = XCBuildConfiguration;
			baseConfigurationReference = 3047A5111AB8059700498E2A /* build.xcconfig */;
			buildSettings = {
				CLANG_ANALYZER_LOCALIZABILITY_NONLOCALIZED = YES;
				CLANG_ENABLE_MODULES = YES;
				CLANG_ENABLE_OBJC_ARC = YES;
				CLANG_WARN_BLOCK_CAPTURE_AUTORELEASING = YES;
				CLANG_WARN_BOOL_CONVERSION = YES;
				CLANG_WARN_COMMA = YES;
				CLANG_WARN_CONSTANT_CONVERSION = YES;
				CLANG_WARN_DEPRECATED_OBJC_IMPLEMENTATIONS = YES;
				CLANG_WARN_EMPTY_BODY = YES;
				CLANG_WARN_ENUM_CONVERSION = YES;
				CLANG_WARN_INFINITE_RECURSION = YES;
				CLANG_WARN_INT_CONVERSION = YES;
				CLANG_WARN_NON_LITERAL_NULL_CONVERSION = YES;
				CLANG_WARN_OBJC_IMPLICIT_RETAIN_SELF = YES;
				CLANG_WARN_OBJC_LITERAL_CONVERSION = YES;
				CLANG_WARN_RANGE_LOOP_ANALYSIS = YES;
				CLANG_WARN_STRICT_PROTOTYPES = YES;
				CLANG_WARN_SUSPICIOUS_MOVE = YES;
				CLANG_WARN_UNREACHABLE_CODE = YES;
				CLANG_WARN__DUPLICATE_METHOD_MATCH = YES;
				ENABLE_STRICT_OBJC_MSGSEND = YES;
				GCC_C_LANGUAGE_STANDARD = c99;
				GCC_NO_COMMON_BLOCKS = YES;
				GCC_THUMB_SUPPORT = NO;
				GCC_VERSION = "";
				GCC_WARN_64_TO_32_BIT_CONVERSION = YES;
				GCC_WARN_ABOUT_RETURN_TYPE = YES;
				GCC_WARN_UNDECLARED_SELECTOR = YES;
				GCC_WARN_UNINITIALIZED_AUTOS = YES;
				GCC_WARN_UNUSED_FUNCTION = YES;
				GCC_WARN_UNUSED_VARIABLE = YES;
				SDKROOT = iphoneos;
				SKIP_INSTALL = NO;
				WK_WEB_VIEW_ONLY = 1;
				SWIFT_OBJC_BRIDGING_HEADER = "$(PROJECT_DIR)/$(PROJECT_NAME)/Bridging-Header.h";
				ALWAYS_EMBED_SWIFT_STANDARD_LIBRARIES = YES;
				SWIFT_VERSION = 4.2;
			};
			name = Release;
		};
/* End XCBuildConfiguration section */

/* Begin XCConfigurationList section */
		1D6058960D05DD3E006BFB54 /* Build configuration list for PBXNativeTarget "Gemairo - Magister statistiek" */ = {
			isa = XCConfigurationList;
			buildConfigurations = (
				1D6058940D05DD3E006BFB54 /* Debug */,
				1D6058950D05DD3E006BFB54 /* Release */,
			);
			defaultConfigurationIsVisible = 0;
			defaultConfigurationName = Release;
		};
		C01FCF4E08A954540054247B /* Build configuration list for PBXProject "Gemairo - Magister statistiek" */ = {
			isa = XCConfigurationList;
			buildConfigurations = (
				C01FCF4F08A954540054247B /* Debug */,
				C01FCF5008A954540054247B /* Release */,
			);
			defaultConfigurationIsVisible = 0;
			defaultConfigurationName = Release;
		};
/* End XCConfigurationList section */
	};
	rootObject = 29B97313FDCFA39411CA2CEA /* Project object */;
}
